{
  "originHash" : "4a76e058a56e12bf09d3f7d7242fdafd3de79a9ee6a4ae654867623c1b1718bf",
  "pins" : [
    {
      "identity" : "atributika",
      "kind" : "remoteSourceControl",
      "location" : "https://github.com/psharanda/Atributika.git",
      "state" : {
        "branch" : "master",
        "revision" : "d018897afbd55d9065ef859650585bac890ada7e"
      }
    },
    {
      "identity" : "glur",
      "kind" : "remoteSourceControl",
      "location" : "https://github.com/joogps/Glur",
      "state" : {
        "revision" : "178af6499ed7957c7f91187fdee2b09d322f5b87",
        "version" : "1.1.0"
      }
    },
    {
      "identity" : "html2markdown",
      "kind" : "remoteSourceControl",
      "location" : "https://gitlab.com/mflint/HTML2Markdown",
      "state" : {
        "revision" : "00d7a9744bbd1e7762c587bbd248775e16345a65",
        "version" : "1.0.0"
      }
    },
    {
      "identity" : "opengraph",
      "kind" : "remoteSourceControl",
      "location" : "https://github.com/satoshi-takano/OpenGraph",
      "state" : {
        "revision" : "3ef2b8b9b4972b57e9e78c91c26be770c0110057",
        "version" : "1.5.0"
      }
    },
    {
      "identity" : "swiftsoup",
      "kind" : "remoteSourceControl",
      "location" : "https://github.com/scinfu/SwiftSoup.git",
      "state" : {
        "revision" : "6778575285177365cbad3e5b8a72f2a20583cfec",
        "version" : "2.4.3"
      }
    }
  ],
  "version" : 3
}
