// !$*UTF8*$!
{
	archiveVersion = 1;
	classes = {
	};
	objectVersion = 55;
	objects = {

/* Begin PBXBuildFile section */
		A1B2C3D4E5F6071801020301 /* HackerPillarWidget.swift in Sources */ = {isa = PBXBuildFile; fileRef = A1B2C3D4E5F6071801020201 /* HackerPillarWidget.swift */; };
		A1B2C3D4E5F6071801020302 /* WidgetSnapshot.swift in Sources */ = {isa = PBXBuildFile; fileRef = A1B2C3D4E5F6071801020202 /* WidgetSnapshot.swift */; };
		A1B2C3D4E5F6071801020303 /* WidgetSnapshotLoader.swift in Sources */ = {isa = PBXBuildFile; fileRef = A1B2C3D4E5F6071801020203 /* WidgetSnapshotLoader.swift */; };
		A1B2C3D4E5F6071801020304 /* HackerPillarWidgetExtension.appex in Embed App Extensions */ = {isa = PBXBuildFile; fileRef = A1B2C3D4E5F6071801020204 /* HackerPillarWidgetExtension.appex */; settings = {ATTRIBUTES = (RemoveHeadersOnCopy, ); }; };
		A1B2C3D4E5F6071802020301 /* ShareViewController.swift in Sources */ = {isa = PBXBuildFile; fileRef = A1B2C3D4E5F6071802020201 /* ShareViewController.swift */; };
		A1B2C3D4E5F6071802020305 /* ShareImportTelemetry.swift in Sources */ = {isa = PBXBuildFile; fileRef = C7A70000000000000000011C /* ShareImportTelemetry.swift */; };
		A1B2C3D4E5F6071802020302 /* HackerPillarShareExtension.appex in Embed App Extensions */ = {isa = PBXBuildFile; fileRef = A1B2C3D4E5F6071802020203 /* HackerPillarShareExtension.appex */; settings = {ATTRIBUTES = (RemoveHeadersOnCopy, ); }; };
		80E5CABE0BE3185CD21C5581 /* AttributedStringCache.swift in Sources */ = {isa = PBXBuildFile; fileRef = 4F388AC18CDCCAB5AE414872 /* AttributedStringCache.swift */; };
		B2B2B2B2B2B2B2B2B2B2B201 /* HNAccount.swift in Sources */ = {isa = PBXBuildFile; fileRef = A1A1A1A1A1A1A1A1A1A1A101 /* HNAccount.swift */; };
		B2B2B2B2B2B2B2B2B2B2B202 /* HNKeychainStore.swift in Sources */ = {isa = PBXBuildFile; fileRef = A1A1A1A1A1A1A1A1A1A1A102 /* HNKeychainStore.swift */; };
		B2B2B2B2B2B2B2B2B2B2B203 /* HNHTMLParser.swift in Sources */ = {isa = PBXBuildFile; fileRef = A1A1A1A1A1A1A1A1A1A1A103 /* HNHTMLParser.swift */; };
		B2B2B2B2B2B2B2B2B2B2B204 /* HNWriteClient.swift in Sources */ = {isa = PBXBuildFile; fileRef = A1A1A1A1A1A1A1A1A1A1A104 /* HNWriteClient.swift */; };
		B2B2B2B2B2B2B2B2B2B2B205 /* HNDebugLog.swift in Sources */ = {isa = PBXBuildFile; fileRef = A1A1A1A1A1A1A1A1A1A1A105 /* HNDebugLog.swift */; };
		B41CD14928DF3E1C0091E865 /* BookmarksViewModel.swift in Sources */ = {isa = PBXBuildFile; fileRef = B41CD14828DF3E1C0091E865 /* BookmarksViewModel.swift */; };
		B43473E228EB34AF0074A8BA /* NetworkManager.swift in Sources */ = {isa = PBXBuildFile; fileRef = B43473E128EB34AF0074A8BA /* NetworkManager.swift */; };
		B44EB1D328DD8D6100CC72EE /* CommentsCache.swift in Sources */ = {isa = PBXBuildFile; fileRef = B44EB1D228DD8D6100CC72EE /* CommentsCache.swift */; };
		B45131E928DF88770022CAA8 /* SingleBookmarkViewModel.swift in Sources */ = {isa = PBXBuildFile; fileRef = B45131E828DF88770022CAA8 /* SingleBookmarkViewModel.swift */; };
		B46356EC28C1055D00D97E84 /* OpenGraph in Frameworks */ = {isa = PBXBuildFile; productRef = B46356EB28C1055D00D97E84 /* OpenGraph */; };
		B46F2CFB28C9DEF300DE0D19 /* Story.swift in Sources */ = {isa = PBXBuildFile; fileRef = B46F2CFA28C9DEF300DE0D19 /* Story.swift */; };
		B47628C128B8B47C00E491D3 /* CommentsView.swift in Sources */ = {isa = PBXBuildFile; fileRef = B47628C028B8B47C00E491D3 /* CommentsView.swift */; };
		B478F9C128AD77CA002B893C /* HackerNewsAppApp.swift in Sources */ = {isa = PBXBuildFile; fileRef = B478F9C028AD77CA002B893C /* HackerNewsAppApp.swift */; };
		B478F9C528AD77CB002B893C /* Assets.xcassets in Resources */ = {isa = PBXBuildFile; fileRef = B478F9C428AD77CB002B893C /* Assets.xcassets */; };
		B478F9C828AD77CB002B893C /* Preview Assets.xcassets in Resources */ = {isa = PBXBuildFile; fileRef = B478F9C728AD77CB002B893C /* Preview Assets.xcassets */; };
		B478F9D128AD8020002B893C /* ContentViewModel.swift in Sources */ = {isa = PBXBuildFile; fileRef = B478F9D028AD8020002B893C /* ContentViewModel.swift */; };
		B489E3EB28DCAED60071B869 /* UltimatePostViewModel.swift in Sources */ = {isa = PBXBuildFile; fileRef = B489E3EA28DCAED60071B869 /* UltimatePostViewModel.swift */; };
		B4B8427528C34520000D2D8F /* PressableButton.swift in Sources */ = {isa = PBXBuildFile; fileRef = B4B8427428C34520000D2D8F /* PressableButton.swift */; };
		B4BF5D2528EE97EF00A393CC /* StoryWrapper.swift in Sources */ = {isa = PBXBuildFile; fileRef = B4BF5D2428EE97EF00A393CC /* StoryWrapper.swift */; };
		B4D2473228D0C0F800E6CDEB /* Atributika in Frameworks */ = {isa = PBXBuildFile; productRef = B4D2473128D0C0F800E6CDEB /* Atributika */; };
		B4D2473428D1005C00E6CDEB /* FilterButton.swift in Sources */ = {isa = PBXBuildFile; fileRef = B4D2473328D1005C00E6CDEB /* FilterButton.swift */; };
		B4D8BB3228BFD4AD00B0AFAA /* SwiftSoup in Frameworks */ = {isa = PBXBuildFile; productRef = B4D8BB3128BFD4AD00B0AFAA /* SwiftSoup */; };
		B4E6128A28E04A8A003D8A0E /* GlobalSettingsViewModel.swift in Sources */ = {isa = PBXBuildFile; fileRef = B4E6128928E04A8A003D8A0E /* GlobalSettingsViewModel.swift */; };
		B4E6128C28E0577D003D8A0E /* FileManagerExtension.swift in Sources */ = {isa = PBXBuildFile; fileRef = B4E6128B28E0577D003D8A0E /* FileManagerExtension.swift */; };
		B4E6128E28E0614B003D8A0E /* Bookmark.swift in Sources */ = {isa = PBXBuildFile; fileRef = B4E6128D28E0614B003D8A0E /* Bookmark.swift */; };
		B4E6C9E828C639E300A2982B /* Protocols.swift in Sources */ = {isa = PBXBuildFile; fileRef = B4E6C9E728C639E300A2982B /* Protocols.swift */; };
		B4E6C9EA28C63E0000A2982B /* SingleCommentViewModel.swift in Sources */ = {isa = PBXBuildFile; fileRef = B4E6C9E928C63E0000A2982B /* SingleCommentViewModel.swift */; };
		B4E6C9EC28C63EA600A2982B /* StringExtension.swift in Sources */ = {isa = PBXBuildFile; fileRef = B4E6C9EB28C63EA600A2982B /* StringExtension.swift */; };
		B4ECFDC528E171860063FBF0 /* SettingsViewModel.swift in Sources */ = {isa = PBXBuildFile; fileRef = B4ECFDC428E171860063FBF0 /* SettingsViewModel.swift */; };
		B4F0327328C07B4300E463BF /* Results.swift in Sources */ = {isa = PBXBuildFile; fileRef = B4F0327228C07B4300E463BF /* Results.swift */; };
		B4F0327728C07C0B00E463BF /* Item.swift in Sources */ = {isa = PBXBuildFile; fileRef = B4F0327628C07C0B00E463BF /* Item.swift */; };
		B4F0327928C07C9300E463BF /* Comment.swift in Sources */ = {isa = PBXBuildFile; fileRef = B4F0327828C07C9300E463BF /* Comment.swift */; };
		B4F0328D28C08FC500E463BF /* DateExtension.swift in Sources */ = {isa = PBXBuildFile; fileRef = B4F0328C28C08FC500E463BF /* DateExtension.swift */; };
		B4F2BEFA28E2D0CF00CA7811 /* Settings.swift in Sources */ = {isa = PBXBuildFile; fileRef = B4F2BEF928E2D0CF00CA7811 /* Settings.swift */; };
		B4F2BEFD28E2F2C000CA7811 /* HTML2Markdown in Frameworks */ = {isa = PBXBuildFile; productRef = B4F2BEFC28E2F2C000CA7811 /* HTML2Markdown */; };
		B4F9640E2F361CBD00B94C88 /* Glur in Frameworks */ = {isa = PBXBuildFile; productRef = B4C0A1D728F1234500A1B2C3 /* Glur */; };
		B4FF100328F0000000A1B2C5 /* HNAPIClient.swift in Sources */ = {isa = PBXBuildFile; fileRef = B4FF100128F0000000A1B2C3 /* HNAPIClient.swift */; };
		B4FF100428F0000000A1B2C6 /* StoryRepository.swift in Sources */ = {isa = PBXBuildFile; fileRef = B4FF100228F0000000A1B2C4 /* StoryRepository.swift */; };
		B4FF101328F0000000A1B2C7 /* ReadStateStore.swift in Sources */ = {isa = PBXBuildFile; fileRef = B4FF101028F0000000A1B2C7 /* ReadStateStore.swift */; };
		B4FF101428F0000000A1B2C8 /* HistoryStore.swift in Sources */ = {isa = PBXBuildFile; fileRef = B4FF101128F0000000A1B2C8 /* HistoryStore.swift */; };
		B4FF101628F0000000A1B2D0 /* HistoryViewModel.swift in Sources */ = {isa = PBXBuildFile; fileRef = B4FF101728F0000000A1B2D0 /* HistoryViewModel.swift */; };
		B4FF101928F0000000A1B2D1 /* CommentsThreadViewModel.swift in Sources */ = {isa = PBXBuildFile; fileRef = B4FF101828F0000000A1B2D1 /* CommentsThreadViewModel.swift */; };
		B4FF102028F0000000A1B2D2 /* AppRoute.swift in Sources */ = {isa = PBXBuildFile; fileRef = B4FF101F28F0000000A1B2D2 /* AppRoute.swift */; };
		B4FF102228F0000000A1B2D3 /* RouteViewModels.swift in Sources */ = {isa = PBXBuildFile; fileRef = B4FF102128F0000000A1B2D3 /* RouteViewModels.swift */; };
		B5A1C2D3E4F5060708090B0C /* ReaderViewModel.swift in Sources */ = {isa = PBXBuildFile; fileRef = B5A1C2D3E4F5060708090A0C /* ReaderViewModel.swift */; };
		B5A1C2D3E4F5060708090B0D /* ReaderExtractor.swift in Sources */ = {isa = PBXBuildFile; fileRef = B5A1C2D3E4F5060708090A0D /* ReaderExtractor.swift */; };
		B5A1C2D3E4F5060708090B1E /* ReaderLinkPolicy.swift in Sources */ = {isa = PBXBuildFile; fileRef = B5A1C2D3E4F5060708090A1E /* ReaderLinkPolicy.swift */; };
		B5A1C2D3E4F5060708090B1F /* ReaderTypography.swift in Sources */ = {isa = PBXBuildFile; fileRef = B5A1C2D3E4F5060708090A1F /* ReaderTypography.swift */; };
		B5A1C2D3E4F5060708090B23 /* ReaderLinkHandler.swift in Sources */ = {isa = PBXBuildFile; fileRef = B5A1C2D3E4F5060708090A23 /* ReaderLinkHandler.swift */; };
		B7A1C2D3E4F5060708090B11 /* SettingsPersistenceCoordinator.swift in Sources */ = {isa = PBXBuildFile; fileRef = B7A1C2D3E4F5060708090B10 /* SettingsPersistenceCoordinator.swift */; };
		C7A100000000000000000201 /* SubscriptionManager.swift in Sources */ = {isa = PBXBuildFile; fileRef = C7A100000000000000000101 /* SubscriptionManager.swift */; };
		C7A100000000000000000202 /* ProFeatureGate.swift in Sources */ = {isa = PBXBuildFile; fileRef = C7A100000000000000000102 /* ProFeatureGate.swift */; };
		C7A100000000000000000203 /* PaywallViewController.swift in Sources */ = {isa = PBXBuildFile; fileRef = C7A100000000000000000103 /* PaywallViewController.swift */; };
		C7A200000000000000000201 /* HNAccountViewController.swift in Sources */ = {isa = PBXBuildFile; fileRef = C7A200000000000000000101 /* HNAccountViewController.swift */; };
		C7A200000000000000000202 /* ReplyViewController.swift in Sources */ = {isa = PBXBuildFile; fileRef = C7A200000000000000000102 /* ReplyViewController.swift */; };
		C7A300000000000000000201 /* OfflineStory.swift in Sources */ = {isa = PBXBuildFile; fileRef = C7A300000000000000000101 /* OfflineStory.swift */; };
		C7A300000000000000000202 /* OfflineStore.swift in Sources */ = {isa = PBXBuildFile; fileRef = C7A300000000000000000102 /* OfflineStore.swift */; };
		C7A300000000000000000203 /* OfflineViewModel.swift in Sources */ = {isa = PBXBuildFile; fileRef = C7A300000000000000000103 /* OfflineViewModel.swift */; };
		C7A300000000000000000204 /* OfflineViewController.swift in Sources */ = {isa = PBXBuildFile; fileRef = C7A300000000000000000104 /* OfflineViewController.swift */; };
		C7A400000000000000000201 /* FeedFilter.swift in Sources */ = {isa = PBXBuildFile; fileRef = C7A400000000000000000101 /* FeedFilter.swift */; };
		C7A400000000000000000202 /* FeedFilterViewController.swift in Sources */ = {isa = PBXBuildFile; fileRef = C7A400000000000000000102 /* FeedFilterViewController.swift */; };
		C7A500000000000000000201 /* SmartFeedRanker.swift in Sources */ = {isa = PBXBuildFile; fileRef = C7A500000000000000000101 /* SmartFeedRanker.swift */; };
		C7A500000000000000000202 /* SmartFeedStore.swift in Sources */ = {isa = PBXBuildFile; fileRef = C7A500000000000000000102 /* SmartFeedStore.swift */; };
		C7A600000000000000000201 /* iCloudSyncManager.swift in Sources */ = {isa = PBXBuildFile; fileRef = C7A600000000000000000101 /* iCloudSyncManager.swift */; };
		C7A700000000000000000201 /* FeedImagePipeline.swift in Sources */ = {isa = PBXBuildFile; fileRef = C7A700000000000000000101 /* FeedImagePipeline.swift */; };
		C7A700000000000000000202 /* SunGradientView.swift in Sources */ = {isa = PBXBuildFile; fileRef = C7A700000000000000000102 /* SunGradientView.swift */; };
		C7A700000000000000000203 /* ShimmerLayer.swift in Sources */ = {isa = PBXBuildFile; fileRef = C7A700000000000000000103 /* ShimmerLayer.swift */; };
		C7A700000000000000000204 /* FeedStoryCell.swift in Sources */ = {isa = PBXBuildFile; fileRef = C7A700000000000000000104 /* FeedStoryCell.swift */; };
		C7A700000000000000000205 /* StoryCommentsPagerViewController.swift in Sources */ = {isa = PBXBuildFile; fileRef = C7A700000000000000000105 /* StoryCommentsPagerViewController.swift */; };
		C7A700000000000000000206 /* SavedStoriesViewController.swift in Sources */ = {isa = PBXBuildFile; fileRef = C7A700000000000000000106 /* SavedStoriesViewController.swift */; };
		C7A700000000000000000207 /* HistoryUIKitViewController.swift in Sources */ = {isa = PBXBuildFile; fileRef = C7A700000000000000000107 /* HistoryUIKitViewController.swift */; };
		C7A700000000000000000208 /* SettingsUIKitViewController.swift in Sources */ = {isa = PBXBuildFile; fileRef = C7A700000000000000000108 /* SettingsUIKitViewController.swift */; };
		C7A700000000000000000209 /* CustomFeedManagerViewController.swift in Sources */ = {isa = PBXBuildFile; fileRef = C7A700000000000000000109 /* CustomFeedManagerViewController.swift */; };
		C7A70000000000000000020A /* TrackedThreadsViewController.swift in Sources */ = {isa = PBXBuildFile; fileRef = C7A70000000000000000010A /* TrackedThreadsViewController.swift */; };
		C7A70000000000000000020B /* PerformanceDashboardViewController.swift in Sources */ = {isa = PBXBuildFile; fileRef = C7A70000000000000000010B /* PerformanceDashboardViewController.swift */; };
		C7A70000000000000000020C /* SearchViewController.swift in Sources */ = {isa = PBXBuildFile; fileRef = C7A70000000000000000010C /* SearchViewController.swift */; };
		C7A70000000000000000020D /* UserProfileViewController.swift in Sources */ = {isa = PBXBuildFile; fileRef = C7A70000000000000000010D /* UserProfileViewController.swift */; };
		C7A70000000000000000020E /* ReaderViewController.swift in Sources */ = {isa = PBXBuildFile; fileRef = C7A70000000000000000010E /* ReaderViewController.swift */; };
		C7A70000000000000000020F /* FeedViewController.swift in Sources */ = {isa = PBXBuildFile; fileRef = C7A70000000000000000010F /* FeedViewController.swift */; };
		C7A700000000000000000210 /* OnboardingViewController.swift in Sources */ = {isa = PBXBuildFile; fileRef = C7A700000000000000000110 /* OnboardingViewController.swift */; };
		C7A700000000000000000211 /* PerformanceMonitor.swift in Sources */ = {isa = PBXBuildFile; fileRef = C7A700000000000000000111 /* PerformanceMonitor.swift */; };
		C7A700000000000000000212 /* ShortcutsProvider.swift in Sources */ = {isa = PBXBuildFile; fileRef = C7A700000000000000000112 /* ShortcutsProvider.swift */; };
		C7A700000000000000000213 /* WidgetShareBridge.swift in Sources */ = {isa = PBXBuildFile; fileRef = C7A700000000000000000113 /* WidgetShareBridge.swift */; };
		C7A700000000000000000214 /* NotificationTracking.swift in Sources */ = {isa = PBXBuildFile; fileRef = C7A700000000000000000114 /* NotificationTracking.swift */; };
		C7A700000000000000000215 /* LiveActivityManager.swift in Sources */ = {isa = PBXBuildFile; fileRef = C7A700000000000000000115 /* LiveActivityManager.swift */; };
		C7A700000000000000000216 /* HNAlgoliaClient.swift in Sources */ = {isa = PBXBuildFile; fileRef = C7A700000000000000000116 /* HNAlgoliaClient.swift */; };
		C7A700000000000000000217 /* CustomFeedManager.swift in Sources */ = {isa = PBXBuildFile; fileRef = C7A700000000000000000117 /* CustomFeedManager.swift */; };
		C7A700000000000000000218 /* ThemeManager.swift in Sources */ = {isa = PBXBuildFile; fileRef = C7A700000000000000000118 /* ThemeManager.swift */; };
		C7A700000000000000000219 /* SpotlightIndexer.swift in Sources */ = {isa = PBXBuildFile; fileRef = C7A700000000000000000119 /* SpotlightIndexer.swift */; };
		C7A70000000000000000021A /* HNTabBarController.swift in Sources */ = {isa = PBXBuildFile; fileRef = C7A70000000000000000011A /* HNTabBarController.swift */; };
		C7A70000000000000000021B /* HNIPadSplitViewController.swift in Sources */ = {isa = PBXBuildFile; fileRef = C7A70000000000000000011B /* HNIPadSplitViewController.swift */; };
		C7A70000000000000000021C /* ShareImportTelemetry.swift in Sources */ = {isa = PBXBuildFile; fileRef = C7A70000000000000000011C /* ShareImportTelemetry.swift */; };
		C7A70000000000000000021D /* LegalLinks.swift in Sources */ = {isa = PBXBuildFile; fileRef = C7A70000000000000000011D /* LegalLinks.swift */; };
		C1C1C1C1C1C1C1C1C1C1C102 /* HNDiagnosticsViewModel.swift in Sources */ = {isa = PBXBuildFile; fileRef = C1C1C1C1C1C1C1C1C1C1C002 /* HNDiagnosticsViewModel.swift */; };
		C1C1C1C1C1C1C1C1C1C1C103 /* HNDiagnosticsReport.swift in Sources */ = {isa = PBXBuildFile; fileRef = C1C1C1C1C1C1C1C1C1C1C003 /* HNDiagnosticsReport.swift */; };
		D1D1D1D1D1D1D1D1D1D1D101 /* FeedScrollStore.swift in Sources */ = {isa = PBXBuildFile; fileRef = D1D1D1D1D1D1D1D1D1D1D001 /* FeedScrollStore.swift */; };
		D1D1D1D1D1D1D1D1D1D1D102 /* CommentsScrollStore.swift in Sources */ = {isa = PBXBuildFile; fileRef = D1D1D1D1D1D1D1D1D1D1D002 /* CommentsScrollStore.swift */; };
		F468238BA89191CCDF91A353 /* CommentHTMLParser.swift in Sources */ = {isa = PBXBuildFile; fileRef = 9B7DFAC023516C5E18BE87B7 /* CommentHTMLParser.swift */; };
/* End PBXBuildFile section */

/* Begin PBXCopyFilesBuildPhase section */
		A1B2C3D4E5F6071801020401 /* Embed App Extensions */ = {
			isa = PBXCopyFilesBuildPhase;
			buildActionMask = 2147483647;
			dstPath = "";
			dstSubfolderSpec = 13;
			files = (
				A1B2C3D4E5F6071801020304 /* HackerPillarWidgetExtension.appex in Embed App Extensions */,
				A1B2C3D4E5F6071802020302 /* HackerPillarShareExtension.appex in Embed App Extensions */,
			);
			name = "Embed App Extensions";
			runOnlyForDeploymentPostprocessing = 0;
		};
		B46E0AFC28C0FFDC00ECAD45 /* Embed Frameworks */ = {
			isa = PBXCopyFilesBuildPhase;
			buildActionMask = 2147483647;
			dstPath = "";
			dstSubfolderSpec = 10;
			files = (
			);
			name = "Embed Frameworks";
			runOnlyForDeploymentPostprocessing = 0;
		};
/* End PBXCopyFilesBuildPhase section */

/* Begin PBXContainerItemProxy section */
		A1B2C3D4E5F6071801020A01 /* PBXContainerItemProxy */ = {
			isa = PBXContainerItemProxy;
			containerPortal = B478F9B528AD77CA002B893C /* Project object */;
			proxyType = 1;
			remoteGlobalIDString = A1B2C3D4E5F6071801020701;
			remoteInfo = HackerPillarWidgetExtension;
		};
		A1B2C3D4E5F6071802020A01 /* PBXContainerItemProxy */ = {
			isa = PBXContainerItemProxy;
			containerPortal = B478F9B528AD77CA002B893C /* Project object */;
			proxyType = 1;
			remoteGlobalIDString = A1B2C3D4E5F6071802020701;
			remoteInfo = HackerPillarShareExtension;
		};
/* End PBXContainerItemProxy section */

/* Begin PBXFileReference section */
		A1B2C3D4E5F6071801020201 /* HackerPillarWidget.swift */ = {isa = PBXFileReference; lastKnownFileType = sourcecode.swift; path = HackerPillarWidget.swift; sourceTree = "<group>"; };
		A1B2C3D4E5F6071801020202 /* WidgetSnapshot.swift */ = {isa = PBXFileReference; lastKnownFileType = sourcecode.swift; path = WidgetSnapshot.swift; sourceTree = "<group>"; };
		A1B2C3D4E5F6071801020203 /* WidgetSnapshotLoader.swift */ = {isa = PBXFileReference; lastKnownFileType = sourcecode.swift; path = WidgetSnapshotLoader.swift; sourceTree = "<group>"; };
		A1B2C3D4E5F6071801020204 /* HackerPillarWidgetExtension.appex */ = {isa = PBXFileReference; explicitFileType = "wrapper.app-extension"; includeInIndex = 0; path = HackerPillarWidgetExtension.appex; sourceTree = BUILT_PRODUCTS_DIR; };
		A1B2C3D4E5F6071801020205 /* Info.plist */ = {isa = PBXFileReference; lastKnownFileType = text.plist.xml; path = Info.plist; sourceTree = "<group>"; };
		A1B2C3D4E5F6071802020201 /* ShareViewController.swift */ = {isa = PBXFileReference; lastKnownFileType = sourcecode.swift; path = ShareViewController.swift; sourceTree = "<group>"; };
		A1B2C3D4E5F6071802020202 /* Info.plist */ = {isa = PBXFileReference; lastKnownFileType = text.plist.xml; path = Info.plist; sourceTree = "<group>"; };
		A1B2C3D4E5F6071802020203 /* HackerPillarShareExtension.appex */ = {isa = PBXFileReference; explicitFileType = "wrapper.app-extension"; includeInIndex = 0; path = HackerPillarShareExtension.appex; sourceTree = BUILT_PRODUCTS_DIR; };
		4F388AC18CDCCAB5AE414872 /* AttributedStringCache.swift */ = {isa = PBXFileReference; includeInIndex = 1; lastKnownFileType = sourcecode.swift; path = AttributedStringCache.swift; sourceTree = "<group>"; };
		9B7DFAC023516C5E18BE87B7 /* CommentHTMLParser.swift */ = {isa = PBXFileReference; includeInIndex = 1; lastKnownFileType = sourcecode.swift; path = CommentHTMLParser.swift; sourceTree = "<group>"; };
		A1A1A1A1A1A1A1A1A1A1A101 /* HNAccount.swift */ = {isa = PBXFileReference; lastKnownFileType = sourcecode.swift; path = HNAccount.swift; sourceTree = "<group>"; };
		A1A1A1A1A1A1A1A1A1A1A102 /* HNKeychainStore.swift */ = {isa = PBXFileReference; lastKnownFileType = sourcecode.swift; path = HNKeychainStore.swift; sourceTree = "<group>"; };
		A1A1A1A1A1A1A1A1A1A1A103 /* HNHTMLParser.swift */ = {isa = PBXFileReference; lastKnownFileType = sourcecode.swift; path = HNHTMLParser.swift; sourceTree = "<group>"; };
		A1A1A1A1A1A1A1A1A1A1A104 /* HNWriteClient.swift */ = {isa = PBXFileReference; lastKnownFileType = sourcecode.swift; path = HNWriteClient.swift; sourceTree = "<group>"; };
		A1A1A1A1A1A1A1A1A1A1A105 /* HNDebugLog.swift */ = {isa = PBXFileReference; lastKnownFileType = sourcecode.swift; path = HNDebugLog.swift; sourceTree = "<group>"; };
		B41CD14828DF3E1C0091E865 /* BookmarksViewModel.swift */ = {isa = PBXFileReference; lastKnownFileType = sourcecode.swift; path = BookmarksViewModel.swift; sourceTree = "<group>"; };
		B43473E128EB34AF0074A8BA /* NetworkManager.swift */ = {isa = PBXFileReference; lastKnownFileType = sourcecode.swift; path = NetworkManager.swift; sourceTree = "<group>"; };
		B44EB1D228DD8D6100CC72EE /* CommentsCache.swift */ = {isa = PBXFileReference; lastKnownFileType = sourcecode.swift; path = CommentsCache.swift; sourceTree = "<group>"; };
		B45131E828DF88770022CAA8 /* SingleBookmarkViewModel.swift */ = {isa = PBXFileReference; lastKnownFileType = sourcecode.swift; path = SingleBookmarkViewModel.swift; sourceTree = "<group>"; };
		B46F2CFA28C9DEF300DE0D19 /* Story.swift */ = {isa = PBXFileReference; lastKnownFileType = sourcecode.swift; path = Story.swift; sourceTree = "<group>"; };
		B47628C028B8B47C00E491D3 /* CommentsView.swift */ = {isa = PBXFileReference; lastKnownFileType = sourcecode.swift; path = CommentsView.swift; sourceTree = "<group>"; };
		B478F9BD28AD77CA002B893C /* HackerNewsApp.app */ = {isa = PBXFileReference; explicitFileType = wrapper.application; includeInIndex = 0; path = HackerNewsApp.app; sourceTree = BUILT_PRODUCTS_DIR; };
		B478F9C028AD77CA002B893C /* HackerNewsAppApp.swift */ = {isa = PBXFileReference; lastKnownFileType = sourcecode.swift; path = HackerNewsAppApp.swift; sourceTree = "<group>"; };
		B478F9C428AD77CB002B893C /* Assets.xcassets */ = {isa = PBXFileReference; lastKnownFileType = folder.assetcatalog; path = Assets.xcassets; sourceTree = "<group>"; };
		B478F9C728AD77CB002B893C /* Preview Assets.xcassets */ = {isa = PBXFileReference; lastKnownFileType = folder.assetcatalog; path = "Preview Assets.xcassets"; sourceTree = "<group>"; };
		B478F9D028AD8020002B893C /* ContentViewModel.swift */ = {isa = PBXFileReference; lastKnownFileType = sourcecode.swift; path = ContentViewModel.swift; sourceTree = "<group>"; };
		B489E3EA28DCAED60071B869 /* UltimatePostViewModel.swift */ = {isa = PBXFileReference; lastKnownFileType = sourcecode.swift; path = UltimatePostViewModel.swift; sourceTree = "<group>"; };
		B4B8427428C34520000D2D8F /* PressableButton.swift */ = {isa = PBXFileReference; lastKnownFileType = sourcecode.swift; path = PressableButton.swift; sourceTree = "<group>"; };
		B4BF5D2428EE97EF00A393CC /* StoryWrapper.swift */ = {isa = PBXFileReference; lastKnownFileType = sourcecode.swift; path = StoryWrapper.swift; sourceTree = "<group>"; };
		B4D2473328D1005C00E6CDEB /* FilterButton.swift */ = {isa = PBXFileReference; lastKnownFileType = sourcecode.swift; path = FilterButton.swift; sourceTree = "<group>"; };
		B4E6128928E04A8A003D8A0E /* GlobalSettingsViewModel.swift */ = {isa = PBXFileReference; lastKnownFileType = sourcecode.swift; path = GlobalSettingsViewModel.swift; sourceTree = "<group>"; };
		B4E6128B28E0577D003D8A0E /* FileManagerExtension.swift */ = {isa = PBXFileReference; lastKnownFileType = sourcecode.swift; path = FileManagerExtension.swift; sourceTree = "<group>"; };
		B4E6128D28E0614B003D8A0E /* Bookmark.swift */ = {isa = PBXFileReference; lastKnownFileType = sourcecode.swift; path = Bookmark.swift; sourceTree = "<group>"; };
		B4E6C9E728C639E300A2982B /* Protocols.swift */ = {isa = PBXFileReference; lastKnownFileType = sourcecode.swift; path = Protocols.swift; sourceTree = "<group>"; };
		B4E6C9E928C63E0000A2982B /* SingleCommentViewModel.swift */ = {isa = PBXFileReference; lastKnownFileType = sourcecode.swift; path = SingleCommentViewModel.swift; sourceTree = "<group>"; };
		B4E6C9EB28C63EA600A2982B /* StringExtension.swift */ = {isa = PBXFileReference; lastKnownFileType = sourcecode.swift; path = StringExtension.swift; sourceTree = "<group>"; };
		B4ECFDC428E171860063FBF0 /* SettingsViewModel.swift */ = {isa = PBXFileReference; lastKnownFileType = sourcecode.swift; path = SettingsViewModel.swift; sourceTree = "<group>"; };
		B4F0327228C07B4300E463BF /* Results.swift */ = {isa = PBXFileReference; lastKnownFileType = sourcecode.swift; path = Results.swift; sourceTree = "<group>"; };
		B4F0327628C07C0B00E463BF /* Item.swift */ = {isa = PBXFileReference; lastKnownFileType = sourcecode.swift; path = Item.swift; sourceTree = "<group>"; };
		B4F0327828C07C9300E463BF /* Comment.swift */ = {isa = PBXFileReference; lastKnownFileType = sourcecode.swift; path = Comment.swift; sourceTree = "<group>"; };
		B4F0328C28C08FC500E463BF /* DateExtension.swift */ = {isa = PBXFileReference; lastKnownFileType = sourcecode.swift; path = DateExtension.swift; sourceTree = "<group>"; };
		B4F2BEF928E2D0CF00CA7811 /* Settings.swift */ = {isa = PBXFileReference; lastKnownFileType = sourcecode.swift; path = Settings.swift; sourceTree = "<group>"; };
		B4FF100128F0000000A1B2C3 /* HNAPIClient.swift */ = {isa = PBXFileReference; lastKnownFileType = sourcecode.swift; path = HNAPIClient.swift; sourceTree = "<group>"; };
		B4FF100228F0000000A1B2C4 /* StoryRepository.swift */ = {isa = PBXFileReference; lastKnownFileType = sourcecode.swift; path = StoryRepository.swift; sourceTree = "<group>"; };
		B4FF101028F0000000A1B2C7 /* ReadStateStore.swift */ = {isa = PBXFileReference; lastKnownFileType = sourcecode.swift; path = ReadStateStore.swift; sourceTree = "<group>"; };
		B4FF101128F0000000A1B2C8 /* HistoryStore.swift */ = {isa = PBXFileReference; lastKnownFileType = sourcecode.swift; path = HistoryStore.swift; sourceTree = "<group>"; };
		B4FF101728F0000000A1B2D0 /* HistoryViewModel.swift */ = {isa = PBXFileReference; lastKnownFileType = sourcecode.swift; path = HistoryViewModel.swift; sourceTree = "<group>"; };
		B4FF101828F0000000A1B2D1 /* CommentsThreadViewModel.swift */ = {isa = PBXFileReference; lastKnownFileType = sourcecode.swift; path = CommentsThreadViewModel.swift; sourceTree = "<group>"; };
		B4FF101F28F0000000A1B2D2 /* AppRoute.swift */ = {isa = PBXFileReference; lastKnownFileType = sourcecode.swift; path = AppRoute.swift; sourceTree = "<group>"; };
		B4FF102128F0000000A1B2D3 /* RouteViewModels.swift */ = {isa = PBXFileReference; lastKnownFileType = sourcecode.swift; path = RouteViewModels.swift; sourceTree = "<group>"; };
		B5A1C2D3E4F5060708090A0C /* ReaderViewModel.swift */ = {isa = PBXFileReference; lastKnownFileType = sourcecode.swift; path = ReaderViewModel.swift; sourceTree = "<group>"; };
		B5A1C2D3E4F5060708090A0D /* ReaderExtractor.swift */ = {isa = PBXFileReference; lastKnownFileType = sourcecode.swift; path = ReaderExtractor.swift; sourceTree = "<group>"; };
		B5A1C2D3E4F5060708090A1E /* ReaderLinkPolicy.swift */ = {isa = PBXFileReference; lastKnownFileType = sourcecode.swift; path = ReaderLinkPolicy.swift; sourceTree = "<group>"; };
		B5A1C2D3E4F5060708090A1F /* ReaderTypography.swift */ = {isa = PBXFileReference; lastKnownFileType = sourcecode.swift; path = ReaderTypography.swift; sourceTree = "<group>"; };
		B5A1C2D3E4F5060708090A23 /* ReaderLinkHandler.swift */ = {isa = PBXFileReference; lastKnownFileType = sourcecode.swift; path = ReaderLinkHandler.swift; sourceTree = "<group>"; };
		B7A1C2D3E4F5060708090B10 /* SettingsPersistenceCoordinator.swift */ = {isa = PBXFileReference; lastKnownFileType = sourcecode.swift; path = SettingsPersistenceCoordinator.swift; sourceTree = "<group>"; };
		C7A100000000000000000101 /* SubscriptionManager.swift */ = {isa = PBXFileReference; lastKnownFileType = sourcecode.swift; path = SubscriptionManager.swift; sourceTree = "<group>"; };
		C7A100000000000000000102 /* ProFeatureGate.swift */ = {isa = PBXFileReference; lastKnownFileType = sourcecode.swift; path = ProFeatureGate.swift; sourceTree = "<group>"; };
		C7A100000000000000000103 /* PaywallViewController.swift */ = {isa = PBXFileReference; lastKnownFileType = sourcecode.swift; path = PaywallViewController.swift; sourceTree = "<group>"; };
		C7A200000000000000000101 /* HNAccountViewController.swift */ = {isa = PBXFileReference; lastKnownFileType = sourcecode.swift; path = HNAccountViewController.swift; sourceTree = "<group>"; };
		C7A200000000000000000102 /* ReplyViewController.swift */ = {isa = PBXFileReference; lastKnownFileType = sourcecode.swift; path = ReplyViewController.swift; sourceTree = "<group>"; };
		C7A300000000000000000101 /* OfflineStory.swift */ = {isa = PBXFileReference; lastKnownFileType = sourcecode.swift; path = OfflineStory.swift; sourceTree = "<group>"; };
		C7A300000000000000000102 /* OfflineStore.swift */ = {isa = PBXFileReference; lastKnownFileType = sourcecode.swift; path = OfflineStore.swift; sourceTree = "<group>"; };
		C7A300000000000000000103 /* OfflineViewModel.swift */ = {isa = PBXFileReference; lastKnownFileType = sourcecode.swift; path = OfflineViewModel.swift; sourceTree = "<group>"; };
		C7A300000000000000000104 /* OfflineViewController.swift */ = {isa = PBXFileReference; lastKnownFileType = sourcecode.swift; path = OfflineViewController.swift; sourceTree = "<group>"; };
		C7A400000000000000000101 /* FeedFilter.swift */ = {isa = PBXFileReference; lastKnownFileType = sourcecode.swift; path = FeedFilter.swift; sourceTree = "<group>"; };
		C7A400000000000000000102 /* FeedFilterViewController.swift */ = {isa = PBXFileReference; lastKnownFileType = sourcecode.swift; path = FeedFilterViewController.swift; sourceTree = "<group>"; };
		C7A500000000000000000101 /* SmartFeedRanker.swift */ = {isa = PBXFileReference; lastKnownFileType = sourcecode.swift; path = SmartFeedRanker.swift; sourceTree = "<group>"; };
		C7A500000000000000000102 /* SmartFeedStore.swift */ = {isa = PBXFileReference; lastKnownFileType = sourcecode.swift; path = SmartFeedStore.swift; sourceTree = "<group>"; };
		C7A600000000000000000101 /* iCloudSyncManager.swift */ = {isa = PBXFileReference; lastKnownFileType = sourcecode.swift; path = iCloudSyncManager.swift; sourceTree = "<group>"; };
		C7A700000000000000000101 /* FeedImagePipeline.swift */ = {isa = PBXFileReference; lastKnownFileType = sourcecode.swift; path = FeedImagePipeline.swift; sourceTree = "<group>"; };
		C7A700000000000000000102 /* SunGradientView.swift */ = {isa = PBXFileReference; lastKnownFileType = sourcecode.swift; path = SunGradientView.swift; sourceTree = "<group>"; };
		C7A700000000000000000103 /* ShimmerLayer.swift */ = {isa = PBXFileReference; lastKnownFileType = sourcecode.swift; path = ShimmerLayer.swift; sourceTree = "<group>"; };
		C7A700000000000000000104 /* FeedStoryCell.swift */ = {isa = PBXFileReference; lastKnownFileType = sourcecode.swift; path = FeedStoryCell.swift; sourceTree = "<group>"; };
		C7A700000000000000000105 /* StoryCommentsPagerViewController.swift */ = {isa = PBXFileReference; lastKnownFileType = sourcecode.swift; path = StoryCommentsPagerViewController.swift; sourceTree = "<group>"; };
		C7A700000000000000000106 /* SavedStoriesViewController.swift */ = {isa = PBXFileReference; lastKnownFileType = sourcecode.swift; path = SavedStoriesViewController.swift; sourceTree = "<group>"; };
		C7A700000000000000000107 /* HistoryUIKitViewController.swift */ = {isa = PBXFileReference; lastKnownFileType = sourcecode.swift; path = HistoryUIKitViewController.swift; sourceTree = "<group>"; };
		C7A700000000000000000108 /* SettingsUIKitViewController.swift */ = {isa = PBXFileReference; lastKnownFileType = sourcecode.swift; path = SettingsUIKitViewController.swift; sourceTree = "<group>"; };
		C7A700000000000000000109 /* CustomFeedManagerViewController.swift */ = {isa = PBXFileReference; lastKnownFileType = sourcecode.swift; path = CustomFeedManagerViewController.swift; sourceTree = "<group>"; };
		C7A70000000000000000010A /* TrackedThreadsViewController.swift */ = {isa = PBXFileReference; lastKnownFileType = sourcecode.swift; path = TrackedThreadsViewController.swift; sourceTree = "<group>"; };
		C7A70000000000000000010B /* PerformanceDashboardViewController.swift */ = {isa = PBXFileReference; lastKnownFileType = sourcecode.swift; path = PerformanceDashboardViewController.swift; sourceTree = "<group>"; };
		C7A70000000000000000010C /* SearchViewController.swift */ = {isa = PBXFileReference; lastKnownFileType = sourcecode.swift; path = SearchViewController.swift; sourceTree = "<group>"; };
		C7A70000000000000000010D /* UserProfileViewController.swift */ = {isa = PBXFileReference; lastKnownFileType = sourcecode.swift; path = UserProfileViewController.swift; sourceTree = "<group>"; };
		C7A70000000000000000010E /* ReaderViewController.swift */ = {isa = PBXFileReference; lastKnownFileType = sourcecode.swift; path = ReaderViewController.swift; sourceTree = "<group>"; };
		C7A70000000000000000010F /* FeedViewController.swift */ = {isa = PBXFileReference; lastKnownFileType = sourcecode.swift; path = FeedViewController.swift; sourceTree = "<group>"; };
		C7A700000000000000000110 /* OnboardingViewController.swift */ = {isa = PBXFileReference; lastKnownFileType = sourcecode.swift; path = OnboardingViewController.swift; sourceTree = "<group>"; };
		C7A700000000000000000111 /* PerformanceMonitor.swift */ = {isa = PBXFileReference; lastKnownFileType = sourcecode.swift; path = PerformanceMonitor.swift; sourceTree = "<group>"; };
		C7A700000000000000000112 /* ShortcutsProvider.swift */ = {isa = PBXFileReference; lastKnownFileType = sourcecode.swift; path = ShortcutsProvider.swift; sourceTree = "<group>"; };
		C7A700000000000000000113 /* WidgetShareBridge.swift */ = {isa = PBXFileReference; lastKnownFileType = sourcecode.swift; path = WidgetShareBridge.swift; sourceTree = "<group>"; };
		C7A700000000000000000114 /* NotificationTracking.swift */ = {isa = PBXFileReference; lastKnownFileType = sourcecode.swift; path = NotificationTracking.swift; sourceTree = "<group>"; };
		C7A700000000000000000115 /* LiveActivityManager.swift */ = {isa = PBXFileReference; lastKnownFileType = sourcecode.swift; path = LiveActivityManager.swift; sourceTree = "<group>"; };
		C7A700000000000000000116 /* HNAlgoliaClient.swift */ = {isa = PBXFileReference; lastKnownFileType = sourcecode.swift; path = HNAlgoliaClient.swift; sourceTree = "<group>"; };
		C7A700000000000000000117 /* CustomFeedManager.swift */ = {isa = PBXFileReference; lastKnownFileType = sourcecode.swift; path = CustomFeedManager.swift; sourceTree = "<group>"; };
		C7A700000000000000000118 /* ThemeManager.swift */ = {isa = PBXFileReference; lastKnownFileType = sourcecode.swift; path = ThemeManager.swift; sourceTree = "<group>"; };
		C7A700000000000000000119 /* SpotlightIndexer.swift */ = {isa = PBXFileReference; lastKnownFileType = sourcecode.swift; path = SpotlightIndexer.swift; sourceTree = "<group>"; };
		C7A70000000000000000011A /* HNTabBarController.swift */ = {isa = PBXFileReference; lastKnownFileType = sourcecode.swift; path = HNTabBarController.swift; sourceTree = "<group>"; };
		C7A70000000000000000011B /* HNIPadSplitViewController.swift */ = {isa = PBXFileReference; lastKnownFileType = sourcecode.swift; path = HNIPadSplitViewController.swift; sourceTree = "<group>"; };
		C7A70000000000000000011C /* ShareImportTelemetry.swift */ = {isa = PBXFileReference; lastKnownFileType = sourcecode.swift; path = ShareImportTelemetry.swift; sourceTree = "<group>"; };
		C7A70000000000000000011D /* LegalLinks.swift */ = {isa = PBXFileReference; lastKnownFileType = sourcecode.swift; path = LegalLinks.swift; sourceTree = "<group>"; };
		C1C1C1C1C1C1C1C1C1C1C002 /* HNDiagnosticsViewModel.swift */ = {isa = PBXFileReference; lastKnownFileType = sourcecode.swift; path = HNDiagnosticsViewModel.swift; sourceTree = "<group>"; };
		C1C1C1C1C1C1C1C1C1C1C003 /* HNDiagnosticsReport.swift */ = {isa = PBXFileReference; lastKnownFileType = sourcecode.swift; path = HNDiagnosticsReport.swift; sourceTree = "<group>"; };
		D1D1D1D1D1D1D1D1D1D1D001 /* FeedScrollStore.swift */ = {isa = PBXFileReference; lastKnownFileType = sourcecode.swift; path = FeedScrollStore.swift; sourceTree = "<group>"; };
		D1D1D1D1D1D1D1D1D1D1D002 /* CommentsScrollStore.swift */ = {isa = PBXFileReference; lastKnownFileType = sourcecode.swift; path = CommentsScrollStore.swift; sourceTree = "<group>"; };
/* End PBXFileReference section */

/* Begin PBXFrameworksBuildPhase section */
		A1B2C3D4E5F6071801020502 /* Frameworks */ = {
			isa = PBXFrameworksBuildPhase;
			buildActionMask = 2147483647;
			files = (
			);
			runOnlyForDeploymentPostprocessing = 0;
		};
		A1B2C3D4E5F6071802020502 /* Frameworks */ = {
			isa = PBXFrameworksBuildPhase;
			buildActionMask = 2147483647;
			files = (
			);
			runOnlyForDeploymentPostprocessing = 0;
		};
		B478F9BA28AD77CA002B893C /* Frameworks */ = {
			isa = PBXFrameworksBuildPhase;
			buildActionMask = 2147483647;
			files = (
				B4F9640E2F361CBD00B94C88 /* Glur in Frameworks */,
				B4D8BB3228BFD4AD00B0AFAA /* SwiftSoup in Frameworks */,
				B4D2473228D0C0F800E6CDEB /* Atributika in Frameworks */,
				B46356EC28C1055D00D97E84 /* OpenGraph in Frameworks */,
				B4F2BEFD28E2F2C000CA7811 /* HTML2Markdown in Frameworks */,
			);
			runOnlyForDeploymentPostprocessing = 0;
		};
/* End PBXFrameworksBuildPhase section */

/* Begin PBXGroup section */
		B4191D3A28C3299F00B86618 /* ViewModifiers */ = {
			isa = PBXGroup;
			children = (
			);
			path = ViewModifiers;
			sourceTree = "<group>";
		};
		B41CD13C28DEC1A60091E865 /* Subviews */ = {
			isa = PBXGroup;
			children = (
				B47628C028B8B47C00E491D3 /* CommentsView.swift */,
			);
			path = Subviews;
			sourceTree = "<group>";
		};
		B41CD14228DF3D7F0091E865 /* TabView */ = {
			isa = PBXGroup;
			children = (
				B4ECFDC128E16E440063FBF0 /* SettingsView */,
				B41CD14528DF3DD20091E865 /* BookmarksView */,
				B44EB1D828DDFAA600CC72EE /* ContentView */,
			);
			path = TabView;
			sourceTree = "<group>";
		};
		B41CD14328DF3DA30091E865 /* Reusable Views */ = {
			isa = PBXGroup;
			children = (
			);
			path = "Reusable Views";
			sourceTree = "<group>";
		};
		B41CD14528DF3DD20091E865 /* BookmarksView */ = {
			isa = PBXGroup;
			children = (
				B45131E528DF87C90022CAA8 /* Subviews */,
			);
			path = BookmarksView;
			sourceTree = "<group>";
		};
		B44EB1D128DD8D4800CC72EE /* Cache */ = {
			isa = PBXGroup;
			children = (
				B44EB1D228DD8D6100CC72EE /* CommentsCache.swift */,
				4F388AC18CDCCAB5AE414872 /* AttributedStringCache.swift */,
			);
			path = Cache;
			sourceTree = "<group>";
		};
		B44EB1D828DDFAA600CC72EE /* ContentView */ = {
			isa = PBXGroup;
			children = (
				B41CD13C28DEC1A60091E865 /* Subviews */,
			);
			path = ContentView;
			sourceTree = "<group>";
		};
		B45131E528DF87C90022CAA8 /* Subviews */ = {
			isa = PBXGroup;
			children = (
			);
			path = Subviews;
			sourceTree = "<group>";
		};
		B46E0AF928C0FFDC00ECAD45 /* Frameworks */ = {
			isa = PBXGroup;
			children = (
			);
			name = Frameworks;
			sourceTree = "<group>";
		};
		B478F9B428AD77CA002B893C = {
			isa = PBXGroup;
			children = (
				A1B2C3D4E5F6071802020601 /* ShareExtension */,
				A1B2C3D4E5F6071801020601 /* HackerNewsWidget */,
				B478F9BF28AD77CA002B893C /* HackerNewsApp */,
				B478F9BE28AD77CA002B893C /* Products */,
				B46E0AF928C0FFDC00ECAD45 /* Frameworks */,
			);
			sourceTree = "<group>";
		};
		B478F9BE28AD77CA002B893C /* Products */ = {
			isa = PBXGroup;
			children = (
				B478F9BD28AD77CA002B893C /* HackerNewsApp.app */,
				A1B2C3D4E5F6071801020204 /* HackerPillarWidgetExtension.appex */,
				A1B2C3D4E5F6071802020203 /* HackerPillarShareExtension.appex */,
			);
			name = Products;
			sourceTree = "<group>";
		};
		A1B2C3D4E5F6071802020601 /* ShareExtension */ = {
			isa = PBXGroup;
			children = (
				A1B2C3D4E5F6071802020201 /* ShareViewController.swift */,
				A1B2C3D4E5F6071802020202 /* Info.plist */,
			);
			path = ShareExtension;
			sourceTree = "<group>";
		};
		A1B2C3D4E5F6071801020601 /* HackerNewsWidget */ = {
			isa = PBXGroup;
			children = (
				A1B2C3D4E5F6071801020201 /* HackerPillarWidget.swift */,
				A1B2C3D4E5F6071801020202 /* WidgetSnapshot.swift */,
				A1B2C3D4E5F6071801020203 /* WidgetSnapshotLoader.swift */,
				A1B2C3D4E5F6071801020205 /* Info.plist */,
			);
			path = HackerNewsWidget;
			sourceTree = "<group>";
		};
		B478F9BF28AD77CA002B893C /* HackerNewsApp */ = {
			isa = PBXGroup;
			children = (
				B44EB1D128DD8D4800CC72EE /* Cache */,
				B4191D3A28C3299F00B86618 /* ViewModifiers */,
				B4F0328128C07F6D00E463BF /* Other */,
				B4F0327B28C07D8E00E463BF /* Extensions */,
				B4F0327A28C07D6800E463BF /* ViewModels */,
				B4F0327128C07B1F00E463BF /* Models */,
				B4F0327028C07ACF00E463BF /* Views */,
				B478F9C628AD77CB002B893C /* Preview Content */,
			);
			path = HackerNewsApp;
			sourceTree = "<group>";
		};
		B478F9C628AD77CB002B893C /* Preview Content */ = {
			isa = PBXGroup;
			children = (
				B478F9C728AD77CB002B893C /* Preview Assets.xcassets */,
			);
			path = "Preview Content";
			sourceTree = "<group>";
		};
		B4ECFDC128E16E440063FBF0 /* SettingsView */ = {
			isa = PBXGroup;
			children = (
			);
			path = SettingsView;
			sourceTree = "<group>";
		};
		B4F0327028C07ACF00E463BF /* Views */ = {
			isa = PBXGroup;
			children = (
				B41CD14328DF3DA30091E865 /* Reusable Views */,
				B41CD14228DF3D7F0091E865 /* TabView */,
				B4F0328028C07F4C00E463BF /* UIKit Views */,
			);
			path = Views;
			sourceTree = "<group>";
		};
		B4F0327128C07B1F00E463BF /* Models */ = {
			isa = PBXGroup;
			children = (
				C7A500000000000000000101 /* SmartFeedRanker.swift */,
				C7A400000000000000000101 /* FeedFilter.swift */,
				C7A300000000000000000101 /* OfflineStory.swift */,
				B4F0327228C07B4300E463BF /* Results.swift */,
				B46F2CFA28C9DEF300DE0D19 /* Story.swift */,
				B4BF5D2428EE97EF00A393CC /* StoryWrapper.swift */,
				B4F0327628C07C0B00E463BF /* Item.swift */,
				B4F0327828C07C9300E463BF /* Comment.swift */,
				B4E6128D28E0614B003D8A0E /* Bookmark.swift */,
				B4F2BEF928E2D0CF00CA7811 /* Settings.swift */,
			);
			path = Models;
			sourceTree = "<group>";
		};
		B4F0327A28C07D6800E463BF /* ViewModels */ = {
			isa = PBXGroup;
			children = (
				C7A300000000000000000103 /* OfflineViewModel.swift */,
				B4FF101828F0000000A1B2D1 /* CommentsThreadViewModel.swift */,
				B4FF102128F0000000A1B2D3 /* RouteViewModels.swift */,
				B4FF101728F0000000A1B2D0 /* HistoryViewModel.swift */,
				B478F9D028AD8020002B893C /* ContentViewModel.swift */,
				B5A1C2D3E4F5060708090A0C /* ReaderViewModel.swift */,
				B4E6C9E928C63E0000A2982B /* SingleCommentViewModel.swift */,
				B489E3EA28DCAED60071B869 /* UltimatePostViewModel.swift */,
				B41CD14828DF3E1C0091E865 /* BookmarksViewModel.swift */,
				B45131E828DF88770022CAA8 /* SingleBookmarkViewModel.swift */,
				B4E6128928E04A8A003D8A0E /* GlobalSettingsViewModel.swift */,
				B4ECFDC428E171860063FBF0 /* SettingsViewModel.swift */,
				C1C1C1C1C1C1C1C1C1C1C002 /* HNDiagnosticsViewModel.swift */,
			);
			path = ViewModels;
			sourceTree = "<group>";
		};
		B4F0327B28C07D8E00E463BF /* Extensions */ = {
			isa = PBXGroup;
			children = (
				B4F0328C28C08FC500E463BF /* DateExtension.swift */,
				B4E6C9EB28C63EA600A2982B /* StringExtension.swift */,
				B4B8427428C34520000D2D8F /* PressableButton.swift */,
				B4D2473328D1005C00E6CDEB /* FilterButton.swift */,
				B4E6128B28E0577D003D8A0E /* FileManagerExtension.swift */,
			);
			path = Extensions;
			sourceTree = "<group>";
		};
		B4F0328028C07F4C00E463BF /* UIKit Views */ = {
			isa = PBXGroup;
			children = (
				C7A400000000000000000102 /* FeedFilterViewController.swift */,
				C7A200000000000000000101 /* HNAccountViewController.swift */,
				C7A300000000000000000104 /* OfflineViewController.swift */,
				C7A200000000000000000102 /* ReplyViewController.swift */,
				C7A700000000000000000103 /* ShimmerLayer.swift */,
				C7A700000000000000000102 /* SunGradientView.swift */,
				C7A700000000000000000104 /* FeedStoryCell.swift */,
				C7A700000000000000000105 /* StoryCommentsPagerViewController.swift */,
				C7A700000000000000000106 /* SavedStoriesViewController.swift */,
				C7A700000000000000000107 /* HistoryUIKitViewController.swift */,
				C7A700000000000000000108 /* SettingsUIKitViewController.swift */,
				C7A700000000000000000109 /* CustomFeedManagerViewController.swift */,
				C7A70000000000000000010A /* TrackedThreadsViewController.swift */,
				C7A70000000000000000010B /* PerformanceDashboardViewController.swift */,
				C7A70000000000000000010C /* SearchViewController.swift */,
				C7A70000000000000000010D /* UserProfileViewController.swift */,
				C7A70000000000000000010E /* ReaderViewController.swift */,
				C7A70000000000000000010F /* FeedViewController.swift */,
				C7A700000000000000000110 /* OnboardingViewController.swift */,
			);
			path = "UIKit Views";
			sourceTree = "<group>";
		};
		B4F0328128C07F6D00E463BF /* Other */ = {
			isa = PBXGroup;
			children = (
				C7A600000000000000000301 /* Sync */,
				C7A300000000000000000301 /* Offline */,
				C7A100000000000000000301 /* Subscription */,
				B4FF101F28F0000000A1B2D2 /* AppRoute.swift */,
				B478F9C028AD77CA002B893C /* HackerNewsAppApp.swift */,
				C7A700000000000000000116 /* HNAlgoliaClient.swift */,
				C7A700000000000000000117 /* CustomFeedManager.swift */,
				C7A700000000000000000118 /* ThemeManager.swift */,
				C7A700000000000000000119 /* SpotlightIndexer.swift */,
				C7A70000000000000000011A /* HNTabBarController.swift */,
				C7A70000000000000000011B /* HNIPadSplitViewController.swift */,
				C7A70000000000000000011C /* ShareImportTelemetry.swift */,
				C7A70000000000000000011D /* LegalLinks.swift */,
				B7A1C2D3E4F5060708090B10 /* SettingsPersistenceCoordinator.swift */,
				B4E6C9E728C639E300A2982B /* Protocols.swift */,
				B4FF100128F0000000A1B2C3 /* HNAPIClient.swift */,
				A1A1A1A1A1A1A1A1A1A1A101 /* HNAccount.swift */,
				A1A1A1A1A1A1A1A1A1A1A102 /* HNKeychainStore.swift */,
				A1A1A1A1A1A1A1A1A1A1A103 /* HNHTMLParser.swift */,
				B5A1C2D3E4F5060708090A0D /* ReaderExtractor.swift */,
				B5A1C2D3E4F5060708090A1E /* ReaderLinkPolicy.swift */,
				B5A1C2D3E4F5060708090A23 /* ReaderLinkHandler.swift */,
				B5A1C2D3E4F5060708090A1F /* ReaderTypography.swift */,
				C7A700000000000000000101 /* FeedImagePipeline.swift */,
				C7A700000000000000000111 /* PerformanceMonitor.swift */,
				C7A700000000000000000112 /* ShortcutsProvider.swift */,
				C7A700000000000000000113 /* WidgetShareBridge.swift */,
				C7A700000000000000000114 /* NotificationTracking.swift */,
				C7A700000000000000000115 /* LiveActivityManager.swift */,
				A1A1A1A1A1A1A1A1A1A1A104 /* HNWriteClient.swift */,
				A1A1A1A1A1A1A1A1A1A1A105 /* HNDebugLog.swift */,
				C1C1C1C1C1C1C1C1C1C1C003 /* HNDiagnosticsReport.swift */,
				D1D1D1D1D1D1D1D1D1D1D001 /* FeedScrollStore.swift */,
				D1D1D1D1D1D1D1D1D1D1D002 /* CommentsScrollStore.swift */,
				B4FF100228F0000000A1B2C4 /* StoryRepository.swift */,
				B4FF101028F0000000A1B2C7 /* ReadStateStore.swift */,
				B4FF101128F0000000A1B2C8 /* HistoryStore.swift */,
				B43473E128EB34AF0074A8BA /* NetworkManager.swift */,
				B478F9C428AD77CB002B893C /* Assets.xcassets */,
				9B7DFAC023516C5E18BE87B7 /* CommentHTMLParser.swift */,
			);
			path = Other;
			sourceTree = "<group>";
		};
		C7A600000000000000000301 /* Sync */ = {
			isa = PBXGroup;
			children = (
				C7A600000000000000000101 /* iCloudSyncManager.swift */,
			);
			path = Sync;
			sourceTree = "<group>";
		};
		C7A300000000000000000301 /* Offline */ = {
			isa = PBXGroup;
			children = (
				C7A300000000000000000102 /* OfflineStore.swift */,
				C7A500000000000000000102 /* SmartFeedStore.swift */,
			);
			path = Offline;
			sourceTree = "<group>";
		};
		C7A100000000000000000301 /* Subscription */ = {
			isa = PBXGroup;
			children = (
				C7A100000000000000000101 /* SubscriptionManager.swift */,
				C7A100000000000000000102 /* ProFeatureGate.swift */,
				C7A100000000000000000103 /* PaywallViewController.swift */,
			);
			path = Subscription;
			sourceTree = "<group>";
		};
/* End PBXGroup section */

/* Begin PBXNativeTarget section */
		A1B2C3D4E5F6071801020701 /* HackerPillarWidgetExtension */ = {
			isa = PBXNativeTarget;
			buildConfigurationList = A1B2C3D4E5F6071801020D01 /* Build configuration list for PBXNativeTarget "HackerPillarWidgetExtension" */;
			buildPhases = (
				A1B2C3D4E5F6071801020501 /* Sources */,
				A1B2C3D4E5F6071801020502 /* Frameworks */,
				A1B2C3D4E5F6071801020503 /* Resources */,
			);
			buildRules = (
			);
			dependencies = (
			);
			name = HackerPillarWidgetExtension;
			packageProductDependencies = (
			);
			productName = HackerPillarWidgetExtension;
			productReference = A1B2C3D4E5F6071801020204 /* HackerPillarWidgetExtension.appex */;
			productType = "com.apple.product-type.app-extension";
		};
		A1B2C3D4E5F6071802020701 /* HackerPillarShareExtension */ = {
			isa = PBXNativeTarget;
			buildConfigurationList = A1B2C3D4E5F6071802020D01 /* Build configuration list for PBXNativeTarget "HackerPillarShareExtension" */;
			buildPhases = (
				A1B2C3D4E5F6071802020501 /* Sources */,
				A1B2C3D4E5F6071802020502 /* Frameworks */,
				A1B2C3D4E5F6071802020503 /* Resources */,
			);
			buildRules = (
			);
			dependencies = (
			);
			name = HackerPillarShareExtension;
			packageProductDependencies = (
			);
			productName = HackerPillarShareExtension;
			productReference = A1B2C3D4E5F6071802020203 /* HackerPillarShareExtension.appex */;
			productType = "com.apple.product-type.app-extension";
		};
		B478F9BC28AD77CA002B893C /* HackerNewsApp */ = {
			isa = PBXNativeTarget;
			buildConfigurationList = B478F9CB28AD77CB002B893C /* Build configuration list for PBXNativeTarget "HackerNewsApp" */;
			buildPhases = (
				B478F9B928AD77CA002B893C /* Sources */,
				B478F9BA28AD77CA002B893C /* Frameworks */,
				B478F9BB28AD77CA002B893C /* Resources */,
				A1B2C3D4E5F6071801020401 /* Embed App Extensions */,
				B46E0AFC28C0FFDC00ECAD45 /* Embed Frameworks */,
			);
			buildRules = (
			);
			dependencies = (
				A1B2C3D4E5F6071801020B01 /* PBXTargetDependency */,
				A1B2C3D4E5F6071802020B01 /* PBXTargetDependency */,
			);
			name = HackerNewsApp;
			packageProductDependencies = (
				B4D8BB3128BFD4AD00B0AFAA /* SwiftSoup */,
				B46356EB28C1055D00D97E84 /* OpenGraph */,
				B4D2473128D0C0F800E6CDEB /* Atributika */,
				B4F2BEFC28E2F2C000CA7811 /* HTML2Markdown */,
				B4C0A1D728F1234500A1B2C3 /* Glur */,
			);
			productName = HackerNewsApp;
			productReference = B478F9BD28AD77CA002B893C /* HackerNewsApp.app */;
			productType = "com.apple.product-type.application";
		};
/* End PBXNativeTarget section */

/* Begin PBXProject section */
		B478F9B528AD77CA002B893C /* Project object */ = {
			isa = PBXProject;
			attributes = {
				BuildIndependentTargetsInParallel = 1;
				LastSwiftUpdateCheck = 1340;
				LastUpgradeCheck = 1340;
				TargetAttributes = {
					A1B2C3D4E5F6071801020701 = {
						CreatedOnToolsVersion = 16.0;
					};
					A1B2C3D4E5F6071802020701 = {
						CreatedOnToolsVersion = 16.0;
					};
					B478F9BC28AD77CA002B893C = {
						CreatedOnToolsVersion = 13.4.1;
					};
				};
			};
			buildConfigurationList = B478F9B828AD77CA002B893C /* Build configuration list for PBXProject "HackerNewsApp" */;
			compatibilityVersion = "Xcode 13.0";
			developmentRegion = en;
			hasScannedForEncodings = 0;
			knownRegions = (
				en,
				Base,
			);
			mainGroup = B478F9B428AD77CA002B893C;
			packageReferences = (
				B4D8BB3028BFD4AD00B0AFAA /* XCRemoteSwiftPackageReference "SwiftSoup" */,
				B46356EA28C1055D00D97E84 /* XCRemoteSwiftPackageReference "OpenGraph" */,
				B4D2473028D0C0F800E6CDEB /* XCRemoteSwiftPackageReference "Atributika" */,
				B4F2BEFB28E2F2C000CA7811 /* XCRemoteSwiftPackageReference "HTML2Markdown" */,
				B4C0A1D628F1234500A1B2C3 /* XCRemoteSwiftPackageReference "Glur" */,
			);
			productRefGroup = B478F9BE28AD77CA002B893C /* Products */;
			projectDirPath = "";
			projectRoot = "";
			targets = (
				B478F9BC28AD77CA002B893C /* HackerNewsApp */,
				A1B2C3D4E5F6071801020701 /* HackerPillarWidgetExtension */,
				A1B2C3D4E5F6071802020701 /* HackerPillarShareExtension */,
			);
		};
/* End PBXProject section */

/* Begin PBXResourcesBuildPhase section */
		A1B2C3D4E5F6071801020503 /* Resources */ = {
			isa = PBXResourcesBuildPhase;
			buildActionMask = 2147483647;
			files = (
			);
			runOnlyForDeploymentPostprocessing = 0;
		};
		A1B2C3D4E5F6071802020503 /* Resources */ = {
			isa = PBXResourcesBuildPhase;
			buildActionMask = 2147483647;
			files = (
			);
			runOnlyForDeploymentPostprocessing = 0;
		};
		B478F9BB28AD77CA002B893C /* Resources */ = {
			isa = PBXResourcesBuildPhase;
			buildActionMask = 2147483647;
			files = (
				B478F9C828AD77CB002B893C /* Preview Assets.xcassets in Resources */,
				B478F9C528AD77CB002B893C /* Assets.xcassets in Resources */,
			);
			runOnlyForDeploymentPostprocessing = 0;
		};
/* End PBXResourcesBuildPhase section */

/* Begin PBXSourcesBuildPhase section */
		A1B2C3D4E5F6071801020501 /* Sources */ = {
			isa = PBXSourcesBuildPhase;
			buildActionMask = 2147483647;
			files = (
				A1B2C3D4E5F6071801020301 /* HackerPillarWidget.swift in Sources */,
				A1B2C3D4E5F6071801020302 /* WidgetSnapshot.swift in Sources */,
				A1B2C3D4E5F6071801020303 /* WidgetSnapshotLoader.swift in Sources */,
			);
			runOnlyForDeploymentPostprocessing = 0;
		};
		A1B2C3D4E5F6071802020501 /* Sources */ = {
			isa = PBXSourcesBuildPhase;
			buildActionMask = 2147483647;
			files = (
				A1B2C3D4E5F6071802020305 /* ShareImportTelemetry.swift in Sources */,
				A1B2C3D4E5F6071802020301 /* ShareViewController.swift in Sources */,
			);
			runOnlyForDeploymentPostprocessing = 0;
		};
		B478F9B928AD77CA002B893C /* Sources */ = {
			isa = PBXSourcesBuildPhase;
			buildActionMask = 2147483647;
			files = (
				C7A600000000000000000201 /* iCloudSyncManager.swift in Sources */,
				C7A500000000000000000201 /* SmartFeedRanker.swift in Sources */,
				C7A500000000000000000202 /* SmartFeedStore.swift in Sources */,
				C7A400000000000000000201 /* FeedFilter.swift in Sources */,
				C7A400000000000000000202 /* FeedFilterViewController.swift in Sources */,
				C7A300000000000000000201 /* OfflineStory.swift in Sources */,
				C7A300000000000000000202 /* OfflineStore.swift in Sources */,
				C7A300000000000000000203 /* OfflineViewModel.swift in Sources */,
				C7A300000000000000000204 /* OfflineViewController.swift in Sources */,
				C7A200000000000000000201 /* HNAccountViewController.swift in Sources */,
				C7A200000000000000000202 /* ReplyViewController.swift in Sources */,
				C7A100000000000000000201 /* SubscriptionManager.swift in Sources */,
				C7A100000000000000000202 /* ProFeatureGate.swift in Sources */,
				C7A100000000000000000203 /* PaywallViewController.swift in Sources */,
				B5A1C2D3E4F5060708090B0C /* ReaderViewModel.swift in Sources */,
				B5A1C2D3E4F5060708090B0D /* ReaderExtractor.swift in Sources */,
				B5A1C2D3E4F5060708090B1E /* ReaderLinkPolicy.swift in Sources */,
				B5A1C2D3E4F5060708090B23 /* ReaderLinkHandler.swift in Sources */,
				B5A1C2D3E4F5060708090B1F /* ReaderTypography.swift in Sources */,
				C7A700000000000000000201 /* FeedImagePipeline.swift in Sources */,
				C7A700000000000000000202 /* SunGradientView.swift in Sources */,
				C7A700000000000000000203 /* ShimmerLayer.swift in Sources */,
				C7A700000000000000000204 /* FeedStoryCell.swift in Sources */,
				C7A700000000000000000205 /* StoryCommentsPagerViewController.swift in Sources */,
				C7A700000000000000000206 /* SavedStoriesViewController.swift in Sources */,
				C7A700000000000000000207 /* HistoryUIKitViewController.swift in Sources */,
				C7A700000000000000000208 /* SettingsUIKitViewController.swift in Sources */,
				C7A700000000000000000209 /* CustomFeedManagerViewController.swift in Sources */,
				C7A70000000000000000020A /* TrackedThreadsViewController.swift in Sources */,
				C7A70000000000000000020B /* PerformanceDashboardViewController.swift in Sources */,
				C7A70000000000000000020C /* SearchViewController.swift in Sources */,
				C7A70000000000000000020D /* UserProfileViewController.swift in Sources */,
				C7A70000000000000000020E /* ReaderViewController.swift in Sources */,
				C7A70000000000000000020F /* FeedViewController.swift in Sources */,
				C7A700000000000000000210 /* OnboardingViewController.swift in Sources */,
				C7A700000000000000000211 /* PerformanceMonitor.swift in Sources */,
				C7A700000000000000000212 /* ShortcutsProvider.swift in Sources */,
				C7A700000000000000000213 /* WidgetShareBridge.swift in Sources */,
				C7A700000000000000000214 /* NotificationTracking.swift in Sources */,
				C7A700000000000000000215 /* LiveActivityManager.swift in Sources */,
				C7A700000000000000000216 /* HNAlgoliaClient.swift in Sources */,
				C7A700000000000000000217 /* CustomFeedManager.swift in Sources */,
				C7A700000000000000000218 /* ThemeManager.swift in Sources */,
				C7A700000000000000000219 /* SpotlightIndexer.swift in Sources */,
				C7A70000000000000000021A /* HNTabBarController.swift in Sources */,
				C7A70000000000000000021B /* HNIPadSplitViewController.swift in Sources */,
				C7A70000000000000000021C /* ShareImportTelemetry.swift in Sources */,
				C7A70000000000000000021D /* LegalLinks.swift in Sources */,
				B7A1C2D3E4F5060708090B11 /* SettingsPersistenceCoordinator.swift in Sources */,
				B4FF102028F0000000A1B2D2 /* AppRoute.swift in Sources */,
				B4FF102228F0000000A1B2D3 /* RouteViewModels.swift in Sources */,
				B4FF101928F0000000A1B2D1 /* CommentsThreadViewModel.swift in Sources */,
				B4FF101328F0000000A1B2C7 /* ReadStateStore.swift in Sources */,
				B4FF101428F0000000A1B2C8 /* HistoryStore.swift in Sources */,
				B4FF101628F0000000A1B2D0 /* HistoryViewModel.swift in Sources */,
				B4FF100328F0000000A1B2C5 /* HNAPIClient.swift in Sources */,
				B2B2B2B2B2B2B2B2B2B2B201 /* HNAccount.swift in Sources */,
				B2B2B2B2B2B2B2B2B2B2B202 /* HNKeychainStore.swift in Sources */,
				B2B2B2B2B2B2B2B2B2B2B203 /* HNHTMLParser.swift in Sources */,
				B2B2B2B2B2B2B2B2B2B2B204 /* HNWriteClient.swift in Sources */,
				B2B2B2B2B2B2B2B2B2B2B205 /* HNDebugLog.swift in Sources */,
				C1C1C1C1C1C1C1C1C1C1C102 /* HNDiagnosticsViewModel.swift in Sources */,
				C1C1C1C1C1C1C1C1C1C1C103 /* HNDiagnosticsReport.swift in Sources */,
				D1D1D1D1D1D1D1D1D1D1D101 /* FeedScrollStore.swift in Sources */,
				D1D1D1D1D1D1D1D1D1D1D102 /* CommentsScrollStore.swift in Sources */,
				B4FF100428F0000000A1B2C6 /* StoryRepository.swift in Sources */,
				B4F0328D28C08FC500E463BF /* DateExtension.swift in Sources */,
				B43473E228EB34AF0074A8BA /* NetworkManager.swift in Sources */,
				B4F2BEFA28E2D0CF00CA7811 /* Settings.swift in Sources */,
				B489E3EB28DCAED60071B869 /* UltimatePostViewModel.swift in Sources */,
				B4E6128A28E04A8A003D8A0E /* GlobalSettingsViewModel.swift in Sources */,
				B45131E928DF88770022CAA8 /* SingleBookmarkViewModel.swift in Sources */,
				B44EB1D328DD8D6100CC72EE /* CommentsCache.swift in Sources */,
				B4F0327728C07C0B00E463BF /* Item.swift in Sources */,
				B4F0327928C07C9300E463BF /* Comment.swift in Sources */,
				B4B8427528C34520000D2D8F /* PressableButton.swift in Sources */,
				B4E6C9E828C639E300A2982B /* Protocols.swift in Sources */,
				B4BF5D2528EE97EF00A393CC /* StoryWrapper.swift in Sources */,
				B4E6C9EA28C63E0000A2982B /* SingleCommentViewModel.swift in Sources */,
				B478F9C128AD77CA002B893C /* HackerNewsAppApp.swift in Sources */,
				B478F9D128AD8020002B893C /* ContentViewModel.swift in Sources */,
				B46F2CFB28C9DEF300DE0D19 /* Story.swift in Sources */,
				B41CD14928DF3E1C0091E865 /* BookmarksViewModel.swift in Sources */,
				B4ECFDC528E171860063FBF0 /* SettingsViewModel.swift in Sources */,
				B4D2473428D1005C00E6CDEB /* FilterButton.swift in Sources */,
				B47628C128B8B47C00E491D3 /* CommentsView.swift in Sources */,
				B4F0327328C07B4300E463BF /* Results.swift in Sources */,
				B4E6C9EC28C63EA600A2982B /* StringExtension.swift in Sources */,
				B4E6128C28E0577D003D8A0E /* FileManagerExtension.swift in Sources */,
				B4E6128E28E0614B003D8A0E /* Bookmark.swift in Sources */,
				80E5CABE0BE3185CD21C5581 /* AttributedStringCache.swift in Sources */,
				F468238BA89191CCDF91A353 /* CommentHTMLParser.swift in Sources */,
			);
			runOnlyForDeploymentPostprocessing = 0;
		};
/* End PBXSourcesBuildPhase section */

/* Begin PBXTargetDependency section */
		A1B2C3D4E5F6071801020B01 /* PBXTargetDependency */ = {
			isa = PBXTargetDependency;
			target = A1B2C3D4E5F6071801020701 /* HackerPillarWidgetExtension */;
			targetProxy = A1B2C3D4E5F6071801020A01 /* PBXContainerItemProxy */;
		};
		A1B2C3D4E5F6071802020B01 /* PBXTargetDependency */ = {
			isa = PBXTargetDependency;
			target = A1B2C3D4E5F6071802020701 /* HackerPillarShareExtension */;
			targetProxy = A1B2C3D4E5F6071802020A01 /* PBXContainerItemProxy */;
		};
/* End PBXTargetDependency section */

/* Begin XCBuildConfiguration section */
		A1B2C3D4E5F6071801020C01 /* Debug */ = {
			isa = XCBuildConfiguration;
			buildSettings = {
				APPLICATION_EXTENSION_API_ONLY = YES;
				CODE_SIGN_STYLE = Automatic;
				CODE_SIGN_ENTITLEMENTS = HackerNewsWidget/HackerNewsWidget.entitlements;
				CURRENT_PROJECT_VERSION = 2;
				DEVELOPMENT_TEAM = Z7DD293MY9;
				GENERATE_INFOPLIST_FILE = NO;
				INFOPLIST_FILE = HackerNewsWidget/Info.plist;
				IPHONEOS_DEPLOYMENT_TARGET = 26.0;
				MARKETING_VERSION = 2.0;
				PRODUCT_BUNDLE_IDENTIFIER = "com.the8-bit.HackerNewsApp.HackerPillarWidgetExtension";
				PRODUCT_NAME = "$(TARGET_NAME)";
				SKIP_INSTALL = YES;
				SWIFT_EMIT_LOC_STRINGS = YES;
				SWIFT_VERSION = 5.0;
				TARGETED_DEVICE_FAMILY = "1,2";
			};
			name = Debug;
		};
		A1B2C3D4E5F6071801020C02 /* Release */ = {
			isa = XCBuildConfiguration;
			buildSettings = {
				APPLICATION_EXTENSION_API_ONLY = YES;
				CODE_SIGN_STYLE = Automatic;
				CODE_SIGN_ENTITLEMENTS = HackerNewsWidget/HackerNewsWidget.entitlements;
				CURRENT_PROJECT_VERSION = 2;
				DEVELOPMENT_TEAM = Z7DD293MY9;
				GENERATE_INFOPLIST_FILE = NO;
				INFOPLIST_FILE = HackerNewsWidget/Info.plist;
				IPHONEOS_DEPLOYMENT_TARGET = 26.0;
				MARKETING_VERSION = 2.0;
				PRODUCT_BUNDLE_IDENTIFIER = "com.the8-bit.HackerNewsApp.HackerPillarWidgetExtension";
				PRODUCT_NAME = "$(TARGET_NAME)";
				SKIP_INSTALL = YES;
				SWIFT_EMIT_LOC_STRINGS = YES;
				SWIFT_VERSION = 5.0;
				TARGETED_DEVICE_FAMILY = "1,2";
			};
			name = Release;
		};
		A1B2C3D4E5F6071802020C01 /* Debug */ = {
			isa = XCBuildConfiguration;
			buildSettings = {
				APPLICATION_EXTENSION_API_ONLY = YES;
				CODE_SIGN_STYLE = Automatic;
				CODE_SIGN_ENTITLEMENTS = ShareExtension/ShareExtension.entitlements;
				CURRENT_PROJECT_VERSION = 2;
				DEVELOPMENT_TEAM = Z7DD293MY9;
				GENERATE_INFOPLIST_FILE = NO;
				INFOPLIST_FILE = ShareExtension/Info.plist;
				IPHONEOS_DEPLOYMENT_TARGET = 26.0;
				MARKETING_VERSION = 2.0;
				PRODUCT_BUNDLE_IDENTIFIER = "com.the8-bit.HackerNewsApp.HackerPillarShareExtension";
				PRODUCT_NAME = "$(TARGET_NAME)";
				SKIP_INSTALL = YES;
				SWIFT_EMIT_LOC_STRINGS = YES;
				SWIFT_VERSION = 5.0;
				TARGETED_DEVICE_FAMILY = "1,2";
			};
			name = Debug;
		};
		A1B2C3D4E5F6071802020C02 /* Release */ = {
			isa = XCBuildConfiguration;
			buildSettings = {
				APPLICATION_EXTENSION_API_ONLY = YES;
				CODE_SIGN_STYLE = Automatic;
				CODE_SIGN_ENTITLEMENTS = ShareExtension/ShareExtension.entitlements;
				CURRENT_PROJECT_VERSION = 2;
				DEVELOPMENT_TEAM = Z7DD293MY9;
				GENERATE_INFOPLIST_FILE = NO;
				INFOPLIST_FILE = ShareExtension/Info.plist;
				IPHONEOS_DEPLOYMENT_TARGET = 26.0;
				MARKETING_VERSION = 2.0;
				PRODUCT_BUNDLE_IDENTIFIER = "com.the8-bit.HackerNewsApp.HackerPillarShareExtension";
				PRODUCT_NAME = "$(TARGET_NAME)";
				SKIP_INSTALL = YES;
				SWIFT_EMIT_LOC_STRINGS = YES;
				SWIFT_VERSION = 5.0;
				TARGETED_DEVICE_FAMILY = "1,2";
			};
			name = Release;
		};
		B478F9C928AD77CB002B893C /* Debug */ = {
			isa = XCBuildConfiguration;
			buildSettings = {
				ALWAYS_SEARCH_USER_PATHS = NO;
				CLANG_ANALYZER_NONNULL = YES;
				CLANG_ANALYZER_NUMBER_OBJECT_CONVERSION = YES_AGGRESSIVE;
				CLANG_CXX_LANGUAGE_STANDARD = "gnu++17";
				CLANG_ENABLE_MODULES = YES;
				CLANG_ENABLE_OBJC_ARC = YES;
				CLANG_ENABLE_OBJC_WEAK = YES;
				CLANG_WARN_BLOCK_CAPTURE_AUTORELEASING = YES;
				CLANG_WARN_BOOL_CONVERSION = YES;
				CLANG_WARN_COMMA = YES;
				CLANG_WARN_CONSTANT_CONVERSION = YES;
				CLANG_WARN_DEPRECATED_OBJC_IMPLEMENTATIONS = YES;
				CLANG_WARN_DIRECT_OBJC_ISA_USAGE = YES_ERROR;
				CLANG_WARN_DOCUMENTATION_COMMENTS = YES;
				CLANG_WARN_EMPTY_BODY = YES;
				CLANG_WARN_ENUM_CONVERSION = YES;
				CLANG_WARN_INFINITE_RECURSION = YES;
				CLANG_WARN_INT_CONVERSION = YES;
				CLANG_WARN_NON_LITERAL_NULL_CONVERSION = YES;
				CLANG_WARN_OBJC_IMPLICIT_RETAIN_SELF = YES;
				CLANG_WARN_OBJC_LITERAL_CONVERSION = YES;
				CLANG_WARN_OBJC_ROOT_CLASS = YES_ERROR;
				CLANG_WARN_QUOTED_INCLUDE_IN_FRAMEWORK_HEADER = YES;
				CLANG_WARN_RANGE_LOOP_ANALYSIS = YES;
				CLANG_WARN_STRICT_PROTOTYPES = YES;
				CLANG_WARN_SUSPICIOUS_MOVE = YES;
				CLANG_WARN_UNGUARDED_AVAILABILITY = YES_AGGRESSIVE;
				CLANG_WARN_UNREACHABLE_CODE = YES;
				CLANG_WARN__DUPLICATE_METHOD_MATCH = YES;
				COPY_PHASE_STRIP = NO;
				DEBUG_INFORMATION_FORMAT = dwarf;
				ENABLE_STRICT_OBJC_MSGSEND = YES;
				ENABLE_TESTABILITY = YES;
				GCC_C_LANGUAGE_STANDARD = gnu11;
				GCC_DYNAMIC_NO_PIC = NO;
				GCC_NO_COMMON_BLOCKS = YES;
				GCC_OPTIMIZATION_LEVEL = 0;
				GCC_PREPROCESSOR_DEFINITIONS = (
					"DEBUG=1",
					"$(inherited)",
				);
				GCC_WARN_64_TO_32_BIT_CONVERSION = YES;
				GCC_WARN_ABOUT_RETURN_TYPE = YES_ERROR;
				GCC_WARN_UNDECLARED_SELECTOR = YES;
				GCC_WARN_UNINITIALIZED_AUTOS = YES_AGGRESSIVE;
				GCC_WARN_UNUSED_FUNCTION = YES;
				GCC_WARN_UNUSED_VARIABLE = YES;
				IPHONEOS_DEPLOYMENT_TARGET = 26.0;
				MTL_ENABLE_DEBUG_INFO = INCLUDE_SOURCE;
				MTL_FAST_MATH = YES;
				ONLY_ACTIVE_ARCH = YES;
				SDKROOT = iphoneos;
				SWIFT_ACTIVE_COMPILATION_CONDITIONS = DEBUG;
				SWIFT_OPTIMIZATION_LEVEL = "-Onone";
			};
			name = Debug;
		};
		B478F9CA28AD77CB002B893C /* Release */ = {
			isa = XCBuildConfiguration;
			buildSettings = {
				ALWAYS_SEARCH_USER_PATHS = NO;
				CLANG_ANALYZER_NONNULL = YES;
				CLANG_ANALYZER_NUMBER_OBJECT_CONVERSION = YES_AGGRESSIVE;
				CLANG_CXX_LANGUAGE_STANDARD = "gnu++17";
				CLANG_ENABLE_MODULES = YES;
				CLANG_ENABLE_OBJC_ARC = YES;
				CLANG_ENABLE_OBJC_WEAK = YES;
				CLANG_WARN_BLOCK_CAPTURE_AUTORELEASING = YES;
				CLANG_WARN_BOOL_CONVERSION = YES;
				CLANG_WARN_COMMA = YES;
				CLANG_WARN_CONSTANT_CONVERSION = YES;
				CLANG_WARN_DEPRECATED_OBJC_IMPLEMENTATIONS = YES;
				CLANG_WARN_DIRECT_OBJC_ISA_USAGE = YES_ERROR;
				CLANG_WARN_DOCUMENTATION_COMMENTS = YES;
				CLANG_WARN_EMPTY_BODY = YES;
				CLANG_WARN_ENUM_CONVERSION = YES;
				CLANG_WARN_INFINITE_RECURSION = YES;
				CLANG_WARN_INT_CONVERSION = YES;
				CLANG_WARN_NON_LITERAL_NULL_CONVERSION = YES;
				CLANG_WARN_OBJC_IMPLICIT_RETAIN_SELF = YES;
				CLANG_WARN_OBJC_LITERAL_CONVERSION = YES;
				CLANG_WARN_OBJC_ROOT_CLASS = YES_ERROR;
				CLANG_WARN_QUOTED_INCLUDE_IN_FRAMEWORK_HEADER = YES;
				CLANG_WARN_RANGE_LOOP_ANALYSIS = YES;
				CLANG_WARN_STRICT_PROTOTYPES = YES;
				CLANG_WARN_SUSPICIOUS_MOVE = YES;
				CLANG_WARN_UNGUARDED_AVAILABILITY = YES_AGGRESSIVE;
				CLANG_WARN_UNREACHABLE_CODE = YES;
				CLANG_WARN__DUPLICATE_METHOD_MATCH = YES;
				COPY_PHASE_STRIP = NO;
				DEBUG_INFORMATION_FORMAT = "dwarf-with-dsym";
				ENABLE_NS_ASSERTIONS = NO;
				ENABLE_STRICT_OBJC_MSGSEND = YES;
				GCC_C_LANGUAGE_STANDARD = gnu11;
				GCC_NO_COMMON_BLOCKS = YES;
				GCC_WARN_64_TO_32_BIT_CONVERSION = YES;
				GCC_WARN_ABOUT_RETURN_TYPE = YES_ERROR;
				GCC_WARN_UNDECLARED_SELECTOR = YES;
				GCC_WARN_UNINITIALIZED_AUTOS = YES_AGGRESSIVE;
				GCC_WARN_UNUSED_FUNCTION = YES;
				GCC_WARN_UNUSED_VARIABLE = YES;
				IPHONEOS_DEPLOYMENT_TARGET = 26.0;
				MTL_ENABLE_DEBUG_INFO = NO;
				MTL_FAST_MATH = YES;
				SDKROOT = iphoneos;
				SWIFT_COMPILATION_MODE = wholemodule;
				SWIFT_OPTIMIZATION_LEVEL = "-O";
				VALIDATE_PRODUCT = YES;
			};
			name = Release;
		};
		B478F9CC28AD77CB002B893C /* Debug */ = {
			isa = XCBuildConfiguration;
			buildSettings = {
				ASSETCATALOG_COMPILER_APPICON_NAME = AppIcon;
				ASSETCATALOG_COMPILER_GLOBAL_ACCENT_COLOR_NAME = AccentColor;
				CODE_SIGN_STYLE = Automatic;
				CODE_SIGN_ENTITLEMENTS = HackerNewsApp/HackerNewsApp.entitlements;
				CURRENT_PROJECT_VERSION = 2;
				DEVELOPMENT_ASSET_PATHS = "\"HackerNewsApp/Preview Content\"";
				DEVELOPMENT_TEAM = Z7DD293MY9;
				ENABLE_PREVIEWS = YES;
				GENERATE_INFOPLIST_FILE = YES;
				INFOPLIST_KEY_NSSupportsLiveActivities = YES;
				INFOPLIST_KEY_UIApplicationSceneManifest_Generation = NO;
				INFOPLIST_KEY_UIApplicationSupportsIndirectInputEvents = YES;
				INFOPLIST_KEY_UILaunchScreen_Generation = YES;
				INFOPLIST_KEY_UISupportedInterfaceOrientations_iPad = "UIInterfaceOrientationPortrait UIInterfaceOrientationPortraitUpsideDown UIInterfaceOrientationLandscapeLeft UIInterfaceOrientationLandscapeRight";
				INFOPLIST_KEY_UISupportedInterfaceOrientations_iPhone = "UIInterfaceOrientationPortrait UIInterfaceOrientationLandscapeLeft UIInterfaceOrientationLandscapeRight";
				IPHONEOS_DEPLOYMENT_TARGET = 26.0;
				LD_RUNPATH_SEARCH_PATHS = (
					"$(inherited)",
					"@executable_path/Frameworks",
				);
				MARKETING_VERSION = 2.0;
				PRODUCT_BUNDLE_IDENTIFIER = "com.the8-bit.HackerNewsApp";
				PRODUCT_NAME = "$(TARGET_NAME)";
				SWIFT_EMIT_LOC_STRINGS = YES;
				SWIFT_VERSION = 5.0;
				TARGETED_DEVICE_FAMILY = "1,2";
			};
			name = Debug;
		};
		B478F9CD28AD77CB002B893C /* Release */ = {
			isa = XCBuildConfiguration;
			buildSettings = {
				ASSETCATALOG_COMPILER_APPICON_NAME = AppIcon;
				ASSETCATALOG_COMPILER_GLOBAL_ACCENT_COLOR_NAME = AccentColor;
				CODE_SIGN_STYLE = Automatic;
				CODE_SIGN_ENTITLEMENTS = HackerNewsApp/HackerNewsApp.entitlements;
				CURRENT_PROJECT_VERSION = 2;
				DEVELOPMENT_ASSET_PATHS = "\"HackerNewsApp/Preview Content\"";
				DEVELOPMENT_TEAM = Z7DD293MY9;
				ENABLE_PREVIEWS = YES;
				GENERATE_INFOPLIST_FILE = YES;
				INFOPLIST_KEY_NSSupportsLiveActivities = YES;
				INFOPLIST_KEY_UIApplicationSceneManifest_Generation = NO;
				INFOPLIST_KEY_UIApplicationSupportsIndirectInputEvents = YES;
				INFOPLIST_KEY_UILaunchScreen_Generation = YES;
				INFOPLIST_KEY_UISupportedInterfaceOrientations_iPad = "UIInterfaceOrientationPortrait UIInterfaceOrientationPortraitUpsideDown UIInterfaceOrientationLandscapeLeft UIInterfaceOrientationLandscapeRight";
				INFOPLIST_KEY_UISupportedInterfaceOrientations_iPhone = "UIInterfaceOrientationPortrait UIInterfaceOrientationLandscapeLeft UIInterfaceOrientationLandscapeRight";
				IPHONEOS_DEPLOYMENT_TARGET = 26.0;
				LD_RUNPATH_SEARCH_PATHS = (
					"$(inherited)",
					"@executable_path/Frameworks",
				);
				MARKETING_VERSION = 2.0;
				PRODUCT_BUNDLE_IDENTIFIER = "com.the8-bit.HackerNewsApp";
				PRODUCT_NAME = "$(TARGET_NAME)";
				SWIFT_EMIT_LOC_STRINGS = YES;
				SWIFT_VERSION = 5.0;
				TARGETED_DEVICE_FAMILY = "1,2";
			};
			name = Release;
		};
/* End XCBuildConfiguration section */

/* Begin XCConfigurationList section */
		A1B2C3D4E5F6071801020D01 /* Build configuration list for PBXNativeTarget "HackerPillarWidgetExtension" */ = {
			isa = XCConfigurationList;
			buildConfigurations = (
				A1B2C3D4E5F6071801020C01 /* Debug */,
				A1B2C3D4E5F6071801020C02 /* Release */,
			);
			defaultConfigurationIsVisible = 0;
			defaultConfigurationName = Release;
		};
		A1B2C3D4E5F6071802020D01 /* Build configuration list for PBXNativeTarget "HackerPillarShareExtension" */ = {
			isa = XCConfigurationList;
			buildConfigurations = (
				A1B2C3D4E5F6071802020C01 /* Debug */,
				A1B2C3D4E5F6071802020C02 /* Release */,
			);
			defaultConfigurationIsVisible = 0;
			defaultConfigurationName = Release;
		};
		B478F9B828AD77CA002B893C /* Build configuration list for PBXProject "HackerNewsApp" */ = {
			isa = XCConfigurationList;
			buildConfigurations = (
				B478F9C928AD77CB002B893C /* Debug */,
				B478F9CA28AD77CB002B893C /* Release */,
			);
			defaultConfigurationIsVisible = 0;
			defaultConfigurationName = Release;
		};
		B478F9CB28AD77CB002B893C /* Build configuration list for PBXNativeTarget "HackerNewsApp" */ = {
			isa = XCConfigurationList;
			buildConfigurations = (
				B478F9CC28AD77CB002B893C /* Debug */,
				B478F9CD28AD77CB002B893C /* Release */,
			);
			defaultConfigurationIsVisible = 0;
			defaultConfigurationName = Release;
		};
/* End XCConfigurationList section */

/* Begin XCRemoteSwiftPackageReference section */
		B46356EA28C1055D00D97E84 /* XCRemoteSwiftPackageReference "OpenGraph" */ = {
			isa = XCRemoteSwiftPackageReference;
			repositoryURL = "https://github.com/satoshi-takano/OpenGraph";
			requirement = {
				kind = upToNextMajorVersion;
				minimumVersion = 1.0.0;
			};
		};
		B4C0A1D628F1234500A1B2C3 /* XCRemoteSwiftPackageReference "Glur" */ = {
			isa = XCRemoteSwiftPackageReference;
			repositoryURL = "https://github.com/joogps/Glur";
			requirement = {
				kind = upToNextMajorVersion;
				minimumVersion = 1.1.0;
			};
		};
		B4D2473028D0C0F800E6CDEB /* XCRemoteSwiftPackageReference "Atributika" */ = {
			isa = XCRemoteSwiftPackageReference;
			repositoryURL = "https://github.com/psharanda/Atributika.git";
			requirement = {
				branch = master;
				kind = branch;
			};
		};
		B4D8BB3028BFD4AD00B0AFAA /* XCRemoteSwiftPackageReference "SwiftSoup" */ = {
			isa = XCRemoteSwiftPackageReference;
			repositoryURL = "https://github.com/scinfu/SwiftSoup.git";
			requirement = {
				kind = upToNextMajorVersion;
				minimumVersion = 2.0.0;
			};
		};
		B4F2BEFB28E2F2C000CA7811 /* XCRemoteSwiftPackageReference "HTML2Markdown" */ = {
			isa = XCRemoteSwiftPackageReference;
			repositoryURL = "https://gitlab.com/mflint/HTML2Markdown";
			requirement = {
				kind = upToNextMajorVersion;
				minimumVersion = 1.0.0;
			};
		};
/* End XCRemoteSwiftPackageReference section */

/* Begin XCSwiftPackageProductDependency section */
		B46356EB28C1055D00D97E84 /* OpenGraph */ = {
			isa = XCSwiftPackageProductDependency;
			package = B46356EA28C1055D00D97E84 /* XCRemoteSwiftPackageReference "OpenGraph" */;
			productName = OpenGraph;
		};
		B4C0A1D728F1234500A1B2C3 /* Glur */ = {
			isa = XCSwiftPackageProductDependency;
			package = B4C0A1D628F1234500A1B2C3 /* XCRemoteSwiftPackageReference "Glur" */;
			productName = Glur;
		};
		B4D2473128D0C0F800E6CDEB /* Atributika */ = {
			isa = XCSwiftPackageProductDependency;
			package = B4D2473028D0C0F800E6CDEB /* XCRemoteSwiftPackageReference "Atributika" */;
			productName = Atributika;
		};
		B4D8BB3128BFD4AD00B0AFAA /* SwiftSoup */ = {
			isa = XCSwiftPackageProductDependency;
			package = B4D8BB3028BFD4AD00B0AFAA /* XCRemoteSwiftPackageReference "SwiftSoup" */;
			productName = SwiftSoup;
		};
		B4F2BEFC28E2F2C000CA7811 /* HTML2Markdown */ = {
			isa = XCSwiftPackageProductDependency;
			package = B4F2BEFB28E2F2C000CA7811 /* XCRemoteSwiftPackageReference "HTML2Markdown" */;
			productName = HTML2Markdown;
		};
/* End XCSwiftPackageProductDependency section */
	};
	rootObject = B478F9B528AD77CA002B893C /* Project object */;
}
