// !$*UTF8*$!
{
	archiveVersion = 1;
	classes = {
	};
	objectVersion = 55;
	objects = {

/* Begin PBXBuildFile section */
		B4191D3C28C329CA00B86618 /* ActionButtonsViewModifier.swift in Sources */ = {isa = PBXBuildFile; fileRef = B4191D3B28C329CA00B86618 /* ActionButtonsViewModifier.swift */; };
		B41CD14028DEF0AA0091E865 /* TabEnclosingView.swift in Sources */ = {isa = PBXBuildFile; fileRef = B41CD13F28DEF0AA0091E865 /* TabEnclosingView.swift */; };
		B41CD14728DF3DF30091E865 /* BookmarksView.swift in Sources */ = {isa = PBXBuildFile; fileRef = B41CD14628DF3DF30091E865 /* BookmarksView.swift */; };
		B41CD14928DF3E1C0091E865 /* BookmarksViewModel.swift in Sources */ = {isa = PBXBuildFile; fileRef = B41CD14828DF3E1C0091E865 /* BookmarksViewModel.swift */; };
		B41E2F4028F53B37008E98A6 /* ImagePlaceholderView.swift in Sources */ = {isa = PBXBuildFile; fileRef = B41E2F3F28F53B37008E98A6 /* ImagePlaceholderView.swift */; };
		B43473E228EB34AF0074A8BA /* NetworkManager.swift in Sources */ = {isa = PBXBuildFile; fileRef = B43473E128EB34AF0074A8BA /* NetworkManager.swift */; };
		B44EB1D328DD8D6100CC72EE /* CommentsCache.swift in Sources */ = {isa = PBXBuildFile; fileRef = B44EB1D228DD8D6100CC72EE /* CommentsCache.swift */; };
		B44EB1D728DDF6BC00CC72EE /* CommentsButtonView.swift in Sources */ = {isa = PBXBuildFile; fileRef = B44EB1D628DDF6BC00CC72EE /* CommentsButtonView.swift */; };
		B45131E728DF87E20022CAA8 /* SingleBookmarkView.swift in Sources */ = {isa = PBXBuildFile; fileRef = B45131E628DF87E20022CAA8 /* SingleBookmarkView.swift */; };
		B45131E928DF88770022CAA8 /* SingleBookmarkViewModel.swift in Sources */ = {isa = PBXBuildFile; fileRef = B45131E828DF88770022CAA8 /* SingleBookmarkViewModel.swift */; };
		B46356EC28C1055D00D97E84 /* OpenGraph in Frameworks */ = {isa = PBXBuildFile; productRef = B46356EB28C1055D00D97E84 /* OpenGraph */; };
		B46F2CFB28C9DEF300DE0D19 /* Story.swift in Sources */ = {isa = PBXBuildFile; fileRef = B46F2CFA28C9DEF300DE0D19 /* Story.swift */; };
		B46F2CFD28C9E49C00DE0D19 /* PostView.swift in Sources */ = {isa = PBXBuildFile; fileRef = B46F2CFC28C9E49C00DE0D19 /* PostView.swift */; };
		B47628C128B8B47C00E491D3 /* CommentsView.swift in Sources */ = {isa = PBXBuildFile; fileRef = B47628C028B8B47C00E491D3 /* CommentsView.swift */; };
		B478F9C128AD77CA002B893C /* HackerNewsAppApp.swift in Sources */ = {isa = PBXBuildFile; fileRef = B478F9C028AD77CA002B893C /* HackerNewsAppApp.swift */; };
		B478F9C328AD77CA002B893C /* StoryFeedView.swift in Sources */ = {isa = PBXBuildFile; fileRef = B478F9C228AD77CA002B893C /* StoryFeedView.swift */; };
		B478F9C528AD77CB002B893C /* Assets.xcassets in Resources */ = {isa = PBXBuildFile; fileRef = B478F9C428AD77CB002B893C /* Assets.xcassets */; };
		B478F9C828AD77CB002B893C /* Preview Assets.xcassets in Resources */ = {isa = PBXBuildFile; fileRef = B478F9C728AD77CB002B893C /* Preview Assets.xcassets */; };
		B478F9D128AD8020002B893C /* StoryFeedViewModel.swift in Sources */ = {isa = PBXBuildFile; fileRef = B478F9D028AD8020002B893C /* StoryFeedViewModel.swift */; };
		B48880C028F5A58D00E6B8A5 /* NetworkChecker.swift in Sources */ = {isa = PBXBuildFile; fileRef = B48880BF28F5A58D00E6B8A5 /* NetworkChecker.swift */; };
		B489E3EB28DCAED60071B869 /* UltimatePostViewModel.swift in Sources */ = {isa = PBXBuildFile; fileRef = B489E3EA28DCAED60071B869 /* UltimatePostViewModel.swift */; };
		B4A25E8328CF299000E73AF5 /* InclusiveTextView.swift in Sources */ = {isa = PBXBuildFile; fileRef = B4A25E8228CF299000E73AF5 /* InclusiveTextView.swift */; };
		B4B8427528C34520000D2D8F /* PressableButton.swift in Sources */ = {isa = PBXBuildFile; fileRef = B4B8427428C34520000D2D8F /* PressableButton.swift */; };
		B4BF5D2528EE97EF00A393CC /* StoryWrapper.swift in Sources */ = {isa = PBXBuildFile; fileRef = B4BF5D2428EE97EF00A393CC /* StoryWrapper.swift */; };
		B4C1427028BFA14700585142 /* SafariView.swift in Sources */ = {isa = PBXBuildFile; fileRef = B4C1426F28BFA14700585142 /* SafariView.swift */; };
		B4D2473228D0C0F800E6CDEB /* Atributika in Frameworks */ = {isa = PBXBuildFile; productRef = B4D2473128D0C0F800E6CDEB /* Atributika */; };
		B4D2473428D1005C00E6CDEB /* FilterButton.swift in Sources */ = {isa = PBXBuildFile; fileRef = B4D2473328D1005C00E6CDEB /* FilterButton.swift */; };
		B4D8BB3228BFD4AD00B0AFAA /* SwiftSoup in Frameworks */ = {isa = PBXBuildFile; productRef = B4D8BB3128BFD4AD00B0AFAA /* SwiftSoup */; };
		B4E5092428BF767E00035FF8 /* SFSafariViewWrapper.swift in Sources */ = {isa = PBXBuildFile; fileRef = B4E5092328BF767E00035FF8 /* SFSafariViewWrapper.swift */; };
		B4E6128A28E04A8A003D8A0E /* GlobalSettingsViewModel.swift in Sources */ = {isa = PBXBuildFile; fileRef = B4E6128928E04A8A003D8A0E /* GlobalSettingsViewModel.swift */; };
		B4E6128C28E0577D003D8A0E /* FileManagerExtension.swift in Sources */ = {isa = PBXBuildFile; fileRef = B4E6128B28E0577D003D8A0E /* FileManagerExtension.swift */; };
		B4E6128E28E0614B003D8A0E /* Bookmark.swift in Sources */ = {isa = PBXBuildFile; fileRef = B4E6128D28E0614B003D8A0E /* Bookmark.swift */; };
		B4E6C9E828C639E300A2982B /* Protocols.swift in Sources */ = {isa = PBXBuildFile; fileRef = B4E6C9E728C639E300A2982B /* Protocols.swift */; };
		B4E6C9EA28C63E0000A2982B /* SingleCommentViewModel.swift in Sources */ = {isa = PBXBuildFile; fileRef = B4E6C9E928C63E0000A2982B /* SingleCommentViewModel.swift */; };
		B4E6C9EC28C63EA600A2982B /* StringExtension.swift in Sources */ = {isa = PBXBuildFile; fileRef = B4E6C9EB28C63EA600A2982B /* StringExtension.swift */; };
		B4ECFDC328E16E550063FBF0 /* SettingsView.swift in Sources */ = {isa = PBXBuildFile; fileRef = B4ECFDC228E16E550063FBF0 /* SettingsView.swift */; };
		B4ECFDC528E171860063FBF0 /* SettingsViewModel.swift in Sources */ = {isa = PBXBuildFile; fileRef = B4ECFDC428E171860063FBF0 /* SettingsViewModel.swift */; };
		B4F0327328C07B4300E463BF /* Results.swift in Sources */ = {isa = PBXBuildFile; fileRef = B4F0327228C07B4300E463BF /* Results.swift */; };
		B4F0327728C07C0B00E463BF /* Item.swift in Sources */ = {isa = PBXBuildFile; fileRef = B4F0327628C07C0B00E463BF /* Item.swift */; };
		B4F0327928C07C9300E463BF /* Comment.swift in Sources */ = {isa = PBXBuildFile; fileRef = B4F0327828C07C9300E463BF /* Comment.swift */; };
		B4F0328D28C08FC500E463BF /* DateExtension.swift in Sources */ = {isa = PBXBuildFile; fileRef = B4F0328C28C08FC500E463BF /* DateExtension.swift */; };
		B4F2BEFA28E2D0CF00CA7811 /* Settings.swift in Sources */ = {isa = PBXBuildFile; fileRef = B4F2BEF928E2D0CF00CA7811 /* Settings.swift */; };
		B4F2BEFD28E2F2C000CA7811 /* HTML2Markdown in Frameworks */ = {isa = PBXBuildFile; productRef = B4F2BEFC28E2F2C000CA7811 /* HTML2Markdown */; };
		B4FFC92E28BD4A80001D5AB3 /* SingleCommentView.swift in Sources */ = {isa = PBXBuildFile; fileRef = B4FFC92D28BD4A80001D5AB3 /* SingleCommentView.swift */; };
/* End PBXBuildFile section */

/* Begin PBXCopyFilesBuildPhase section */
		B46E0AFC28C0FFDC00ECAD45 /* Embed Frameworks */ = {
			isa = PBXCopyFilesBuildPhase;
			buildActionMask = 2147483647;
			dstPath = "";
			dstSubfolderSpec = 10;
			files = (
			);
			name = "Embed Frameworks";
			runOnlyForDeploymentPostprocessing = 0;
		};
/* End PBXCopyFilesBuildPhase section */

/* Begin PBXFileReference section */
		B4191D3B28C329CA00B86618 /* ActionButtonsViewModifier.swift */ = {isa = PBXFileReference; lastKnownFileType = sourcecode.swift; path = ActionButtonsViewModifier.swift; sourceTree = "<group>"; };
		B41CD13F28DEF0AA0091E865 /* TabEnclosingView.swift */ = {isa = PBXFileReference; lastKnownFileType = sourcecode.swift; path = TabEnclosingView.swift; sourceTree = "<group>"; };
		B41CD14628DF3DF30091E865 /* BookmarksView.swift */ = {isa = PBXFileReference; lastKnownFileType = sourcecode.swift; path = BookmarksView.swift; sourceTree = "<group>"; };
		B41CD14828DF3E1C0091E865 /* BookmarksViewModel.swift */ = {isa = PBXFileReference; lastKnownFileType = sourcecode.swift; path = BookmarksViewModel.swift; sourceTree = "<group>"; };
		B41E2F3F28F53B37008E98A6 /* ImagePlaceholderView.swift */ = {isa = PBXFileReference; lastKnownFileType = sourcecode.swift; path = ImagePlaceholderView.swift; sourceTree = "<group>"; };
		B41E2F4128F55E30008E98A6 /* Info.plist */ = {isa = PBXFileReference; lastKnownFileType = text.plist; path = Info.plist; sourceTree = "<group>"; };
		B43473E128EB34AF0074A8BA /* NetworkManager.swift */ = {isa = PBXFileReference; lastKnownFileType = sourcecode.swift; path = NetworkManager.swift; sourceTree = "<group>"; };
		B44EB1D228DD8D6100CC72EE /* CommentsCache.swift */ = {isa = PBXFileReference; lastKnownFileType = sourcecode.swift; path = CommentsCache.swift; sourceTree = "<group>"; };
		B44EB1D628DDF6BC00CC72EE /* CommentsButtonView.swift */ = {isa = PBXFileReference; lastKnownFileType = sourcecode.swift; path = CommentsButtonView.swift; sourceTree = "<group>"; };
		B45131E628DF87E20022CAA8 /* SingleBookmarkView.swift */ = {isa = PBXFileReference; lastKnownFileType = sourcecode.swift; path = SingleBookmarkView.swift; sourceTree = "<group>"; };
		B45131E828DF88770022CAA8 /* SingleBookmarkViewModel.swift */ = {isa = PBXFileReference; lastKnownFileType = sourcecode.swift; path = SingleBookmarkViewModel.swift; sourceTree = "<group>"; };
		B46F2CFA28C9DEF300DE0D19 /* Story.swift */ = {isa = PBXFileReference; lastKnownFileType = sourcecode.swift; path = Story.swift; sourceTree = "<group>"; };
		B46F2CFC28C9E49C00DE0D19 /* PostView.swift */ = {isa = PBXFileReference; lastKnownFileType = sourcecode.swift; path = PostView.swift; sourceTree = "<group>"; };
		B47628C028B8B47C00E491D3 /* CommentsView.swift */ = {isa = PBXFileReference; lastKnownFileType = sourcecode.swift; path = CommentsView.swift; sourceTree = "<group>"; };
		B478F9BD28AD77CA002B893C /* HackerNewsApp.app */ = {isa = PBXFileReference; explicitFileType = wrapper.application; includeInIndex = 0; path = HackerNewsApp.app; sourceTree = BUILT_PRODUCTS_DIR; };
		B478F9C028AD77CA002B893C /* HackerNewsAppApp.swift */ = {isa = PBXFileReference; lastKnownFileType = sourcecode.swift; path = HackerNewsAppApp.swift; sourceTree = "<group>"; };
		B478F9C228AD77CA002B893C /* StoryFeedView.swift */ = {isa = PBXFileReference; lastKnownFileType = sourcecode.swift; path = StoryFeedView.swift; sourceTree = "<group>"; };
		B478F9C428AD77CB002B893C /* Assets.xcassets */ = {isa = PBXFileReference; lastKnownFileType = folder.assetcatalog; path = Assets.xcassets; sourceTree = "<group>"; };
		B478F9C728AD77CB002B893C /* Preview Assets.xcassets */ = {isa = PBXFileReference; lastKnownFileType = folder.assetcatalog; path = "Preview Assets.xcassets"; sourceTree = "<group>"; };
		B478F9D028AD8020002B893C /* StoryFeedViewModel.swift */ = {isa = PBXFileReference; lastKnownFileType = sourcecode.swift; path = StoryFeedViewModel.swift; sourceTree = "<group>"; };
		B48880BF28F5A58D00E6B8A5 /* NetworkChecker.swift */ = {isa = PBXFileReference; lastKnownFileType = sourcecode.swift; path = NetworkChecker.swift; sourceTree = "<group>"; };
		B489E3EA28DCAED60071B869 /* UltimatePostViewModel.swift */ = {isa = PBXFileReference; lastKnownFileType = sourcecode.swift; path = UltimatePostViewModel.swift; sourceTree = "<group>"; };
		B4A25E8228CF299000E73AF5 /* InclusiveTextView.swift */ = {isa = PBXFileReference; lastKnownFileType = sourcecode.swift; path = InclusiveTextView.swift; sourceTree = "<group>"; };
		B4B8427428C34520000D2D8F /* PressableButton.swift */ = {isa = PBXFileReference; lastKnownFileType = sourcecode.swift; path = PressableButton.swift; sourceTree = "<group>"; };
		B4BF5D2428EE97EF00A393CC /* StoryWrapper.swift */ = {isa = PBXFileReference; lastKnownFileType = sourcecode.swift; path = StoryWrapper.swift; sourceTree = "<group>"; };
		B4C1426F28BFA14700585142 /* SafariView.swift */ = {isa = PBXFileReference; lastKnownFileType = sourcecode.swift; path = SafariView.swift; sourceTree = "<group>"; };
		B4D2473328D1005C00E6CDEB /* FilterButton.swift */ = {isa = PBXFileReference; lastKnownFileType = sourcecode.swift; path = FilterButton.swift; sourceTree = "<group>"; };
		B4E5092328BF767E00035FF8 /* SFSafariViewWrapper.swift */ = {isa = PBXFileReference; lastKnownFileType = sourcecode.swift; path = SFSafariViewWrapper.swift; sourceTree = "<group>"; };
		B4E6128928E04A8A003D8A0E /* GlobalSettingsViewModel.swift */ = {isa = PBXFileReference; lastKnownFileType = sourcecode.swift; path = GlobalSettingsViewModel.swift; sourceTree = "<group>"; };
		B4E6128B28E0577D003D8A0E /* FileManagerExtension.swift */ = {isa = PBXFileReference; lastKnownFileType = sourcecode.swift; path = FileManagerExtension.swift; sourceTree = "<group>"; };
		B4E6128D28E0614B003D8A0E /* Bookmark.swift */ = {isa = PBXFileReference; lastKnownFileType = sourcecode.swift; path = Bookmark.swift; sourceTree = "<group>"; };
		B4E6C9E728C639E300A2982B /* Protocols.swift */ = {isa = PBXFileReference; lastKnownFileType = sourcecode.swift; path = Protocols.swift; sourceTree = "<group>"; };
		B4E6C9E928C63E0000A2982B /* SingleCommentViewModel.swift */ = {isa = PBXFileReference; lastKnownFileType = sourcecode.swift; path = SingleCommentViewModel.swift; sourceTree = "<group>"; };
		B4E6C9EB28C63EA600A2982B /* StringExtension.swift */ = {isa = PBXFileReference; lastKnownFileType = sourcecode.swift; path = StringExtension.swift; sourceTree = "<group>"; };
		B4ECFDC228E16E550063FBF0 /* SettingsView.swift */ = {isa = PBXFileReference; lastKnownFileType = sourcecode.swift; path = SettingsView.swift; sourceTree = "<group>"; };
		B4ECFDC428E171860063FBF0 /* SettingsViewModel.swift */ = {isa = PBXFileReference; lastKnownFileType = sourcecode.swift; path = SettingsViewModel.swift; sourceTree = "<group>"; };
		B4F0327228C07B4300E463BF /* Results.swift */ = {isa = PBXFileReference; lastKnownFileType = sourcecode.swift; path = Results.swift; sourceTree = "<group>"; };
		B4F0327628C07C0B00E463BF /* Item.swift */ = {isa = PBXFileReference; lastKnownFileType = sourcecode.swift; path = Item.swift; sourceTree = "<group>"; };
		B4F0327828C07C9300E463BF /* Comment.swift */ = {isa = PBXFileReference; lastKnownFileType = sourcecode.swift; path = Comment.swift; sourceTree = "<group>"; };
		B4F0328C28C08FC500E463BF /* DateExtension.swift */ = {isa = PBXFileReference; lastKnownFileType = sourcecode.swift; path = DateExtension.swift; sourceTree = "<group>"; };
		B4F2BEF928E2D0CF00CA7811 /* Settings.swift */ = {isa = PBXFileReference; lastKnownFileType = sourcecode.swift; path = Settings.swift; sourceTree = "<group>"; };
		B4FFC92D28BD4A80001D5AB3 /* SingleCommentView.swift */ = {isa = PBXFileReference; lastKnownFileType = sourcecode.swift; path = SingleCommentView.swift; sourceTree = "<group>"; };
/* End PBXFileReference section */

/* Begin PBXFrameworksBuildPhase section */
		B478F9BA28AD77CA002B893C /* Frameworks */ = {
			isa = PBXFrameworksBuildPhase;
			buildActionMask = 2147483647;
			files = (
				B4D8BB3228BFD4AD00B0AFAA /* SwiftSoup in Frameworks */,
				B4D2473228D0C0F800E6CDEB /* Atributika in Frameworks */,
				B46356EC28C1055D00D97E84 /* OpenGraph in Frameworks */,
				B4F2BEFD28E2F2C000CA7811 /* HTML2Markdown in Frameworks */,
			);
			runOnlyForDeploymentPostprocessing = 0;
		};
/* End PBXFrameworksBuildPhase section */

/* Begin PBXGroup section */
		B4191D3A28C3299F00B86618 /* ViewModifiers */ = {
			isa = PBXGroup;
			children = (
				B4191D3B28C329CA00B86618 /* ActionButtonsViewModifier.swift */,
			);
			path = ViewModifiers;
			sourceTree = "<group>";
		};
		B41CD13C28DEC1A60091E865 /* Subviews */ = {
			isa = PBXGroup;
			children = (
				B46F2CFC28C9E49C00DE0D19 /* PostView.swift */,
				B41E2F3F28F53B37008E98A6 /* ImagePlaceholderView.swift */,
				B47628C028B8B47C00E491D3 /* CommentsView.swift */,
				B44EB1D628DDF6BC00CC72EE /* CommentsButtonView.swift */,
				B4FFC92D28BD4A80001D5AB3 /* SingleCommentView.swift */,
			);
			path = Subviews;
			sourceTree = "<group>";
		};
		B41CD14228DF3D7F0091E865 /* TabView */ = {
			isa = PBXGroup;
			children = (
				B4ECFDC128E16E440063FBF0 /* SettingsView */,
				B41CD14528DF3DD20091E865 /* BookmarksView */,
				B44EB1D828DDFAA600CC72EE /* StoryFeedView */,
				B41CD13F28DEF0AA0091E865 /* TabEnclosingView.swift */,
			);
			path = TabView;
			sourceTree = "<group>";
		};
		B41CD14328DF3DA30091E865 /* Reusable Views */ = {
			isa = PBXGroup;
			children = (
				B4C1426F28BFA14700585142 /* SafariView.swift */,
			);
			path = "Reusable Views";
			sourceTree = "<group>";
		};
		B41CD14528DF3DD20091E865 /* BookmarksView */ = {
			isa = PBXGroup;
			children = (
				B45131E528DF87C90022CAA8 /* Subviews */,
				B41CD14628DF3DF30091E865 /* BookmarksView.swift */,
			);
			path = BookmarksView;
			sourceTree = "<group>";
		};
		B44EB1D128DD8D4800CC72EE /* Cache */ = {
			isa = PBXGroup;
			children = (
				B44EB1D228DD8D6100CC72EE /* CommentsCache.swift */,
			);
			path = Cache;
			sourceTree = "<group>";
		};
		B44EB1D828DDFAA600CC72EE /* StoryFeedView */ = {
			isa = PBXGroup;
			children = (
				B478F9C228AD77CA002B893C /* StoryFeedView.swift */,
				B41CD13C28DEC1A60091E865 /* Subviews */,
			);
			path = StoryFeedView;
			sourceTree = "<group>";
		};
		B45131E528DF87C90022CAA8 /* Subviews */ = {
			isa = PBXGroup;
			children = (
				B45131E628DF87E20022CAA8 /* SingleBookmarkView.swift */,
			);
			path = Subviews;
			sourceTree = "<group>";
		};
		B46E0AF928C0FFDC00ECAD45 /* Frameworks */ = {
			isa = PBXGroup;
			children = (
			);
			name = Frameworks;
			sourceTree = "<group>";
		};
		B478F9B428AD77CA002B893C = {
			isa = PBXGroup;
			children = (
				B478F9BF28AD77CA002B893C /* HackerNewsApp */,
				B478F9BE28AD77CA002B893C /* Products */,
				B46E0AF928C0FFDC00ECAD45 /* Frameworks */,
			);
			sourceTree = "<group>";
		};
		B478F9BE28AD77CA002B893C /* Products */ = {
			isa = PBXGroup;
			children = (
				B478F9BD28AD77CA002B893C /* HackerNewsApp.app */,
			);
			name = Products;
			sourceTree = "<group>";
		};
		B478F9BF28AD77CA002B893C /* HackerNewsApp */ = {
			isa = PBXGroup;
			children = (
				B41E2F4128F55E30008E98A6 /* Info.plist */,
				B44EB1D128DD8D4800CC72EE /* Cache */,
				B4191D3A28C3299F00B86618 /* ViewModifiers */,
				B4F0328128C07F6D00E463BF /* Other */,
				B4F0327B28C07D8E00E463BF /* Extensions */,
				B4F0327A28C07D6800E463BF /* ViewModels */,
				B4F0327128C07B1F00E463BF /* Models */,
				B4F0327028C07ACF00E463BF /* Views */,
				B478F9C628AD77CB002B893C /* Preview Content */,
			);
			path = HackerNewsApp;
			sourceTree = "<group>";
		};
		B478F9C628AD77CB002B893C /* Preview Content */ = {
			isa = PBXGroup;
			children = (
				B478F9C728AD77CB002B893C /* Preview Assets.xcassets */,
			);
			path = "Preview Content";
			sourceTree = "<group>";
		};
		B4ECFDC128E16E440063FBF0 /* SettingsView */ = {
			isa = PBXGroup;
			children = (
				B4ECFDC228E16E550063FBF0 /* SettingsView.swift */,
			);
			path = SettingsView;
			sourceTree = "<group>";
		};
		B4F0327028C07ACF00E463BF /* Views */ = {
			isa = PBXGroup;
			children = (
				B41CD14328DF3DA30091E865 /* Reusable Views */,
				B41CD14228DF3D7F0091E865 /* TabView */,
				B4F0328028C07F4C00E463BF /* UIKit Views */,
			);
			path = Views;
			sourceTree = "<group>";
		};
		B4F0327128C07B1F00E463BF /* Models */ = {
			isa = PBXGroup;
			children = (
				B4F0327228C07B4300E463BF /* Results.swift */,
				B46F2CFA28C9DEF300DE0D19 /* Story.swift */,
				B4BF5D2428EE97EF00A393CC /* StoryWrapper.swift */,
				B4F0327628C07C0B00E463BF /* Item.swift */,
				B4F0327828C07C9300E463BF /* Comment.swift */,
				B4E6128D28E0614B003D8A0E /* Bookmark.swift */,
				B4F2BEF928E2D0CF00CA7811 /* Settings.swift */,
			);
			path = Models;
			sourceTree = "<group>";
		};
		B4F0327A28C07D6800E463BF /* ViewModels */ = {
			isa = PBXGroup;
			children = (
				B478F9D028AD8020002B893C /* StoryFeedViewModel.swift */,
				B4E6C9E928C63E0000A2982B /* SingleCommentViewModel.swift */,
				B489E3EA28DCAED60071B869 /* UltimatePostViewModel.swift */,
				B41CD14828DF3E1C0091E865 /* BookmarksViewModel.swift */,
				B45131E828DF88770022CAA8 /* SingleBookmarkViewModel.swift */,
				B4E6128928E04A8A003D8A0E /* GlobalSettingsViewModel.swift */,
				B4ECFDC428E171860063FBF0 /* SettingsViewModel.swift */,
			);
			path = ViewModels;
			sourceTree = "<group>";
		};
		B4F0327B28C07D8E00E463BF /* Extensions */ = {
			isa = PBXGroup;
			children = (
				B4F0328C28C08FC500E463BF /* DateExtension.swift */,
				B4E6C9EB28C63EA600A2982B /* StringExtension.swift */,
				B4B8427428C34520000D2D8F /* PressableButton.swift */,
				B4D2473328D1005C00E6CDEB /* FilterButton.swift */,
				B4E6128B28E0577D003D8A0E /* FileManagerExtension.swift */,
			);
			path = Extensions;
			sourceTree = "<group>";
		};
		B4F0328028C07F4C00E463BF /* UIKit Views */ = {
			isa = PBXGroup;
			children = (
				B4E5092328BF767E00035FF8 /* SFSafariViewWrapper.swift */,
				B4A25E8228CF299000E73AF5 /* InclusiveTextView.swift */,
			);
			path = "UIKit Views";
			sourceTree = "<group>";
		};
		B4F0328128C07F6D00E463BF /* Other */ = {
			isa = PBXGroup;
			children = (
				B478F9C028AD77CA002B893C /* HackerNewsAppApp.swift */,
				B4E6C9E728C639E300A2982B /* Protocols.swift */,
				B43473E128EB34AF0074A8BA /* NetworkManager.swift */,
				B48880BF28F5A58D00E6B8A5 /* NetworkChecker.swift */,
				B478F9C428AD77CB002B893C /* Assets.xcassets */,
			);
			path = Other;
			sourceTree = "<group>";
		};
/* End PBXGroup section */

/* Begin PBXNativeTarget section */
		B478F9BC28AD77CA002B893C /* HackerNewsApp */ = {
			isa = PBXNativeTarget;
			buildConfigurationList = B478F9CB28AD77CB002B893C /* Build configuration list for PBXNativeTarget "HackerNewsApp" */;
			buildPhases = (
				B478F9B928AD77CA002B893C /* Sources */,
				B478F9BA28AD77CA002B893C /* Frameworks */,
				B478F9BB28AD77CA002B893C /* Resources */,
				B46E0AFC28C0FFDC00ECAD45 /* Embed Frameworks */,
			);
			buildRules = (
			);
			dependencies = (
			);
			name = HackerNewsApp;
			packageProductDependencies = (
				B4D8BB3128BFD4AD00B0AFAA /* SwiftSoup */,
				B46356EB28C1055D00D97E84 /* OpenGraph */,
				B4D2473128D0C0F800E6CDEB /* Atributika */,
				B4F2BEFC28E2F2C000CA7811 /* HTML2Markdown */,
			);
			productName = HackerNewsApp;
			productReference = B478F9BD28AD77CA002B893C /* HackerNewsApp.app */;
			productType = "com.apple.product-type.application";
		};
/* End PBXNativeTarget section */

/* Begin PBXProject section */
		B478F9B528AD77CA002B893C /* Project object */ = {
			isa = PBXProject;
			attributes = {
				BuildIndependentTargetsInParallel = 1;
				LastSwiftUpdateCheck = 1340;
				LastUpgradeCheck = 1340;
				TargetAttributes = {
					B478F9BC28AD77CA002B893C = {
						CreatedOnToolsVersion = 13.4.1;
					};
				};
			};
			buildConfigurationList = B478F9B828AD77CA002B893C /* Build configuration list for PBXProject "HackerNewsApp" */;
			compatibilityVersion = "Xcode 13.0";
			developmentRegion = en;
			hasScannedForEncodings = 0;
			knownRegions = (
				en,
				Base,
			);
			mainGroup = B478F9B428AD77CA002B893C;
			packageReferences = (
				B4D8BB3028BFD4AD00B0AFAA /* XCRemoteSwiftPackageReference "SwiftSoup" */,
				B46356EA28C1055D00D97E84 /* XCRemoteSwiftPackageReference "OpenGraph" */,
				B4D2473028D0C0F800E6CDEB /* XCRemoteSwiftPackageReference "Atributika" */,
				B4F2BEFB28E2F2C000CA7811 /* XCRemoteSwiftPackageReference "HTML2Markdown" */,
			);
			productRefGroup = B478F9BE28AD77CA002B893C /* Products */;
			projectDirPath = "";
			projectRoot = "";
			targets = (
				B478F9BC28AD77CA002B893C /* HackerNewsApp */,
			);
		};
/* End PBXProject section */

/* Begin PBXResourcesBuildPhase section */
		B478F9BB28AD77CA002B893C /* Resources */ = {
			isa = PBXResourcesBuildPhase;
			buildActionMask = 2147483647;
			files = (
				B478F9C828AD77CB002B893C /* Preview Assets.xcassets in Resources */,
				B478F9C528AD77CB002B893C /* Assets.xcassets in Resources */,
			);
			runOnlyForDeploymentPostprocessing = 0;
		};
/* End PBXResourcesBuildPhase section */

/* Begin PBXSourcesBuildPhase section */
		B478F9B928AD77CA002B893C /* Sources */ = {
			isa = PBXSourcesBuildPhase;
			buildActionMask = 2147483647;
			files = (
				B48880C028F5A58D00E6B8A5 /* NetworkChecker.swift in Sources */,
				B4C1427028BFA14700585142 /* SafariView.swift in Sources */,
				B44EB1D728DDF6BC00CC72EE /* CommentsButtonView.swift in Sources */,
				B4F0328D28C08FC500E463BF /* DateExtension.swift in Sources */,
				B4A25E8328CF299000E73AF5 /* InclusiveTextView.swift in Sources */,
				B43473E228EB34AF0074A8BA /* NetworkManager.swift in Sources */,
				B4F2BEFA28E2D0CF00CA7811 /* Settings.swift in Sources */,
				B4FFC92E28BD4A80001D5AB3 /* SingleCommentView.swift in Sources */,
				B41E2F4028F53B37008E98A6 /* ImagePlaceholderView.swift in Sources */,
				B41CD14728DF3DF30091E865 /* BookmarksView.swift in Sources */,
				B489E3EB28DCAED60071B869 /* UltimatePostViewModel.swift in Sources */,
				B4E6128A28E04A8A003D8A0E /* GlobalSettingsViewModel.swift in Sources */,
				B45131E928DF88770022CAA8 /* SingleBookmarkViewModel.swift in Sources */,
				B44EB1D328DD8D6100CC72EE /* CommentsCache.swift in Sources */,
				B4F0327728C07C0B00E463BF /* Item.swift in Sources */,
				B4F0327928C07C9300E463BF /* Comment.swift in Sources */,
				B4B8427528C34520000D2D8F /* PressableButton.swift in Sources */,
				B41CD14028DEF0AA0091E865 /* TabEnclosingView.swift in Sources */,
				B478F9C328AD77CA002B893C /* StoryFeedView.swift in Sources */,
				B4191D3C28C329CA00B86618 /* ActionButtonsViewModifier.swift in Sources */,
				B4E6C9E828C639E300A2982B /* Protocols.swift in Sources */,
				B4BF5D2528EE97EF00A393CC /* StoryWrapper.swift in Sources */,
				B4E6C9EA28C63E0000A2982B /* SingleCommentViewModel.swift in Sources */,
				B478F9C128AD77CA002B893C /* HackerNewsAppApp.swift in Sources */,
				B45131E728DF87E20022CAA8 /* SingleBookmarkView.swift in Sources */,
				B4ECFDC328E16E550063FBF0 /* SettingsView.swift in Sources */,
				B478F9D128AD8020002B893C /* StoryFeedViewModel.swift in Sources */,
				B46F2CFB28C9DEF300DE0D19 /* Story.swift in Sources */,
				B41CD14928DF3E1C0091E865 /* BookmarksViewModel.swift in Sources */,
				B4ECFDC528E171860063FBF0 /* SettingsViewModel.swift in Sources */,
				B46F2CFD28C9E49C00DE0D19 /* PostView.swift in Sources */,
				B4D2473428D1005C00E6CDEB /* FilterButton.swift in Sources */,
				B47628C128B8B47C00E491D3 /* CommentsView.swift in Sources */,
				B4F0327328C07B4300E463BF /* Results.swift in Sources */,
				B4E5092428BF767E00035FF8 /* SFSafariViewWrapper.swift in Sources */,
				B4E6C9EC28C63EA600A2982B /* StringExtension.swift in Sources */,
				B4E6128C28E0577D003D8A0E /* FileManagerExtension.swift in Sources */,
				B4E6128E28E0614B003D8A0E /* Bookmark.swift in Sources */,
			);
			runOnlyForDeploymentPostprocessing = 0;
		};
/* End PBXSourcesBuildPhase section */

/* Begin XCBuildConfiguration section */
		B478F9C928AD77CB002B893C /* Debug */ = {
			isa = XCBuildConfiguration;
			buildSettings = {
				ALWAYS_SEARCH_USER_PATHS = NO;
				CLANG_ANALYZER_NONNULL = YES;
				CLANG_ANALYZER_NUMBER_OBJECT_CONVERSION = YES_AGGRESSIVE;
				CLANG_CXX_LANGUAGE_STANDARD = "gnu++17";
				CLANG_ENABLE_MODULES = YES;
				CLANG_ENABLE_OBJC_ARC = YES;
				CLANG_ENABLE_OBJC_WEAK = YES;
				CLANG_WARN_BLOCK_CAPTURE_AUTORELEASING = YES;
				CLANG_WARN_BOOL_CONVERSION = YES;
				CLANG_WARN_COMMA = YES;
				CLANG_WARN_CONSTANT_CONVERSION = YES;
				CLANG_WARN_DEPRECATED_OBJC_IMPLEMENTATIONS = YES;
				CLANG_WARN_DIRECT_OBJC_ISA_USAGE = YES_ERROR;
				CLANG_WARN_DOCUMENTATION_COMMENTS = YES;
				CLANG_WARN_EMPTY_BODY = YES;
				CLANG_WARN_ENUM_CONVERSION = YES;
				CLANG_WARN_INFINITE_RECURSION = YES;
				CLANG_WARN_INT_CONVERSION = YES;
				CLANG_WARN_NON_LITERAL_NULL_CONVERSION = YES;
				CLANG_WARN_OBJC_IMPLICIT_RETAIN_SELF = YES;
				CLANG_WARN_OBJC_LITERAL_CONVERSION = YES;
				CLANG_WARN_OBJC_ROOT_CLASS = YES_ERROR;
				CLANG_WARN_QUOTED_INCLUDE_IN_FRAMEWORK_HEADER = YES;
				CLANG_WARN_RANGE_LOOP_ANALYSIS = YES;
				CLANG_WARN_STRICT_PROTOTYPES = YES;
				CLANG_WARN_SUSPICIOUS_MOVE = YES;
				CLANG_WARN_UNGUARDED_AVAILABILITY = YES_AGGRESSIVE;
				CLANG_WARN_UNREACHABLE_CODE = YES;
				CLANG_WARN__DUPLICATE_METHOD_MATCH = YES;
				COPY_PHASE_STRIP = NO;
				DEBUG_INFORMATION_FORMAT = dwarf;
				ENABLE_STRICT_OBJC_MSGSEND = YES;
				ENABLE_TESTABILITY = YES;
				GCC_C_LANGUAGE_STANDARD = gnu11;
				GCC_DYNAMIC_NO_PIC = NO;
				GCC_NO_COMMON_BLOCKS = YES;
				GCC_OPTIMIZATION_LEVEL = 0;
				GCC_PREPROCESSOR_DEFINITIONS = (
					"DEBUG=1",
					"$(inherited)",
				);
				GCC_WARN_64_TO_32_BIT_CONVERSION = YES;
				GCC_WARN_ABOUT_RETURN_TYPE = YES_ERROR;
				GCC_WARN_UNDECLARED_SELECTOR = YES;
				GCC_WARN_UNINITIALIZED_AUTOS = YES_AGGRESSIVE;
				GCC_WARN_UNUSED_FUNCTION = YES;
				GCC_WARN_UNUSED_VARIABLE = YES;
				IPHONEOS_DEPLOYMENT_TARGET = 15.5;
				MTL_ENABLE_DEBUG_INFO = INCLUDE_SOURCE;
				MTL_FAST_MATH = YES;
				ONLY_ACTIVE_ARCH = YES;
				SDKROOT = iphoneos;
				SWIFT_ACTIVE_COMPILATION_CONDITIONS = DEBUG;
				SWIFT_OPTIMIZATION_LEVEL = "-Onone";
			};
			name = Debug;
		};
		B478F9CA28AD77CB002B893C /* Release */ = {
			isa = XCBuildConfiguration;
			buildSettings = {
				ALWAYS_SEARCH_USER_PATHS = NO;
				CLANG_ANALYZER_NONNULL = YES;
				CLANG_ANALYZER_NUMBER_OBJECT_CONVERSION = YES_AGGRESSIVE;
				CLANG_CXX_LANGUAGE_STANDARD = "gnu++17";
				CLANG_ENABLE_MODULES = YES;
				CLANG_ENABLE_OBJC_ARC = YES;
				CLANG_ENABLE_OBJC_WEAK = YES;
				CLANG_WARN_BLOCK_CAPTURE_AUTORELEASING = YES;
				CLANG_WARN_BOOL_CONVERSION = YES;
				CLANG_WARN_COMMA = YES;
				CLANG_WARN_CONSTANT_CONVERSION = YES;
				CLANG_WARN_DEPRECATED_OBJC_IMPLEMENTATIONS = YES;
				CLANG_WARN_DIRECT_OBJC_ISA_USAGE = YES_ERROR;
				CLANG_WARN_DOCUMENTATION_COMMENTS = YES;
				CLANG_WARN_EMPTY_BODY = YES;
				CLANG_WARN_ENUM_CONVERSION = YES;
				CLANG_WARN_INFINITE_RECURSION = YES;
				CLANG_WARN_INT_CONVERSION = YES;
				CLANG_WARN_NON_LITERAL_NULL_CONVERSION = YES;
				CLANG_WARN_OBJC_IMPLICIT_RETAIN_SELF = YES;
				CLANG_WARN_OBJC_LITERAL_CONVERSION = YES;
				CLANG_WARN_OBJC_ROOT_CLASS = YES_ERROR;
				CLANG_WARN_QUOTED_INCLUDE_IN_FRAMEWORK_HEADER = YES;
				CLANG_WARN_RANGE_LOOP_ANALYSIS = YES;
				CLANG_WARN_STRICT_PROTOTYPES = YES;
				CLANG_WARN_SUSPICIOUS_MOVE = YES;
				CLANG_WARN_UNGUARDED_AVAILABILITY = YES_AGGRESSIVE;
				CLANG_WARN_UNREACHABLE_CODE = YES;
				CLANG_WARN__DUPLICATE_METHOD_MATCH = YES;
				COPY_PHASE_STRIP = NO;
				DEBUG_INFORMATION_FORMAT = "dwarf-with-dsym";
				ENABLE_NS_ASSERTIONS = NO;
				ENABLE_STRICT_OBJC_MSGSEND = YES;
				GCC_C_LANGUAGE_STANDARD = gnu11;
				GCC_NO_COMMON_BLOCKS = YES;
				GCC_WARN_64_TO_32_BIT_CONVERSION = YES;
				GCC_WARN_ABOUT_RETURN_TYPE = YES_ERROR;
				GCC_WARN_UNDECLARED_SELECTOR = YES;
				GCC_WARN_UNINITIALIZED_AUTOS = YES_AGGRESSIVE;
				GCC_WARN_UNUSED_FUNCTION = YES;
				GCC_WARN_UNUSED_VARIABLE = YES;
				IPHONEOS_DEPLOYMENT_TARGET = 15.5;
				MTL_ENABLE_DEBUG_INFO = NO;
				MTL_FAST_MATH = YES;
				SDKROOT = iphoneos;
				SWIFT_COMPILATION_MODE = wholemodule;
				SWIFT_OPTIMIZATION_LEVEL = "-O";
				VALIDATE_PRODUCT = YES;
			};
			name = Release;
		};
		B478F9CC28AD77CB002B893C /* Debug */ = {
			isa = XCBuildConfiguration;
			buildSettings = {
				ASSETCATALOG_COMPILER_APPICON_NAME = AppIcon;
				ASSETCATALOG_COMPILER_GLOBAL_ACCENT_COLOR_NAME = AccentColor;
				CODE_SIGN_STYLE = Automatic;
				CURRENT_PROJECT_VERSION = 1;
				DEVELOPMENT_ASSET_PATHS = "\"HackerNewsApp/Preview Content\"";
				DEVELOPMENT_TEAM = Z7DD293MY9;
				ENABLE_PREVIEWS = YES;
				GENERATE_INFOPLIST_FILE = YES;
				INFOPLIST_FILE = HackerNewsApp/Info.plist;
				INFOPLIST_KEY_UIApplicationSceneManifest_Generation = YES;
				INFOPLIST_KEY_UIApplicationSupportsIndirectInputEvents = YES;
				INFOPLIST_KEY_UILaunchScreen_Generation = YES;
				INFOPLIST_KEY_UISupportedInterfaceOrientations_iPad = "UIInterfaceOrientationPortrait UIInterfaceOrientationPortraitUpsideDown UIInterfaceOrientationLandscapeLeft UIInterfaceOrientationLandscapeRight";
				INFOPLIST_KEY_UISupportedInterfaceOrientations_iPhone = "UIInterfaceOrientationPortrait UIInterfaceOrientationLandscapeLeft UIInterfaceOrientationLandscapeRight";
				IPHONEOS_DEPLOYMENT_TARGET = 16.0;
				LD_RUNPATH_SEARCH_PATHS = (
					"$(inherited)",
					"@executable_path/Frameworks",
				);
				MARKETING_VERSION = 1.0;
				PRODUCT_BUNDLE_IDENTIFIER = "com.the8-bit.HackerNewsApp";
				PRODUCT_NAME = "$(TARGET_NAME)";
				SWIFT_EMIT_LOC_STRINGS = YES;
				SWIFT_VERSION = 5.0;
				TARGETED_DEVICE_FAMILY = "1,2";
			};
			name = Debug;
		};
		B478F9CD28AD77CB002B893C /* Release */ = {
			isa = XCBuildConfiguration;
			buildSettings = {
				ASSETCATALOG_COMPILER_APPICON_NAME = AppIcon;
				ASSETCATALOG_COMPILER_GLOBAL_ACCENT_COLOR_NAME = AccentColor;
				CODE_SIGN_STYLE = Automatic;
				CURRENT_PROJECT_VERSION = 1;
				DEVELOPMENT_ASSET_PATHS = "\"HackerNewsApp/Preview Content\"";
				DEVELOPMENT_TEAM = Z7DD293MY9;
				ENABLE_PREVIEWS = YES;
				GENERATE_INFOPLIST_FILE = YES;
				INFOPLIST_FILE = HackerNewsApp/Info.plist;
				INFOPLIST_KEY_UIApplicationSceneManifest_Generation = YES;
				INFOPLIST_KEY_UIApplicationSupportsIndirectInputEvents = YES;
				INFOPLIST_KEY_UILaunchScreen_Generation = YES;
				INFOPLIST_KEY_UISupportedInterfaceOrientations_iPad = "UIInterfaceOrientationPortrait UIInterfaceOrientationPortraitUpsideDown UIInterfaceOrientationLandscapeLeft UIInterfaceOrientationLandscapeRight";
				INFOPLIST_KEY_UISupportedInterfaceOrientations_iPhone = "UIInterfaceOrientationPortrait UIInterfaceOrientationLandscapeLeft UIInterfaceOrientationLandscapeRight";
				IPHONEOS_DEPLOYMENT_TARGET = 16.0;
				LD_RUNPATH_SEARCH_PATHS = (
					"$(inherited)",
					"@executable_path/Frameworks",
				);
				MARKETING_VERSION = 1.0;
				PRODUCT_BUNDLE_IDENTIFIER = "com.the8-bit.HackerNewsApp";
				PRODUCT_NAME = "$(TARGET_NAME)";
				SWIFT_EMIT_LOC_STRINGS = YES;
				SWIFT_VERSION = 5.0;
				TARGETED_DEVICE_FAMILY = "1,2";
			};
			name = Release;
		};
/* End XCBuildConfiguration section */

/* Begin XCConfigurationList section */
		B478F9B828AD77CA002B893C /* Build configuration list for PBXProject "HackerNewsApp" */ = {
			isa = XCConfigurationList;
			buildConfigurations = (
				B478F9C928AD77CB002B893C /* Debug */,
				B478F9CA28AD77CB002B893C /* Release */,
			);
			defaultConfigurationIsVisible = 0;
			defaultConfigurationName = Release;
		};
		B478F9CB28AD77CB002B893C /* Build configuration list for PBXNativeTarget "HackerNewsApp" */ = {
			isa = XCConfigurationList;
			buildConfigurations = (
				B478F9CC28AD77CB002B893C /* Debug */,
				B478F9CD28AD77CB002B893C /* Release */,
			);
			defaultConfigurationIsVisible = 0;
			defaultConfigurationName = Release;
		};
/* End XCConfigurationList section */

/* Begin XCRemoteSwiftPackageReference section */
		B46356EA28C1055D00D97E84 /* XCRemoteSwiftPackageReference "OpenGraph" */ = {
			isa = XCRemoteSwiftPackageReference;
			repositoryURL = "https://github.com/satoshi-takano/OpenGraph";
			requirement = {
				kind = upToNextMajorVersion;
				minimumVersion = 1.0.0;
			};
		};
		B4D2473028D0C0F800E6CDEB /* XCRemoteSwiftPackageReference "Atributika" */ = {
			isa = XCRemoteSwiftPackageReference;
			repositoryURL = "https://github.com/psharanda/Atributika.git";
			requirement = {
				branch = master;
				kind = branch;
			};
		};
		B4D8BB3028BFD4AD00B0AFAA /* XCRemoteSwiftPackageReference "SwiftSoup" */ = {
			isa = XCRemoteSwiftPackageReference;
			repositoryURL = "https://github.com/scinfu/SwiftSoup.git";
			requirement = {
				kind = upToNextMajorVersion;
				minimumVersion = 2.0.0;
			};
		};
		B4F2BEFB28E2F2C000CA7811 /* XCRemoteSwiftPackageReference "HTML2Markdown" */ = {
			isa = XCRemoteSwiftPackageReference;
			repositoryURL = "https://gitlab.com/mflint/HTML2Markdown";
			requirement = {
				kind = upToNextMajorVersion;
				minimumVersion = 1.0.0;
			};
		};
/* End XCRemoteSwiftPackageReference section */

/* Begin XCSwiftPackageProductDependency section */
		B46356EB28C1055D00D97E84 /* OpenGraph */ = {
			isa = XCSwiftPackageProductDependency;
			package = B46356EA28C1055D00D97E84 /* XCRemoteSwiftPackageReference "OpenGraph" */;
			productName = OpenGraph;
		};
		B4D2473128D0C0F800E6CDEB /* Atributika */ = {
			isa = XCSwiftPackageProductDependency;
			package = B4D2473028D0C0F800E6CDEB /* XCRemoteSwiftPackageReference "Atributika" */;
			productName = Atributika;
		};
		B4D8BB3128BFD4AD00B0AFAA /* SwiftSoup */ = {
			isa = XCSwiftPackageProductDependency;
			package = B4D8BB3028BFD4AD00B0AFAA /* XCRemoteSwiftPackageReference "SwiftSoup" */;
			productName = SwiftSoup;
		};
		B4F2BEFC28E2F2C000CA7811 /* HTML2Markdown */ = {
			isa = XCSwiftPackageProductDependency;
			package = B4F2BEFB28E2F2C000CA7811 /* XCRemoteSwiftPackageReference "HTML2Markdown" */;
			productName = HTML2Markdown;
		};
/* End XCSwiftPackageProductDependency section */
	};
	rootObject = B478F9B528AD77CA002B893C /* Project object */;
}
